// !$*UTF8*$!
{
	archiveVersion = 1;
	classes = {
	};
	objectVersion = 50;
	objects = {

/* Begin PBXBuildFile section */
		2831D6BD21D8A28600D5A5F8 /* AppDelegate.swift in Sources */ = {isa = PBXBuildFile; fileRef = 2831D6BC21D8A28600D5A5F8 /* AppDelegate.swift */; };
		2831D6C221D8A28600D5A5F8 /* Main.storyboard in Resources */ = {isa = PBXBuildFile; fileRef = 2831D6C021D8A28600D5A5F8 /* Main.storyboard */; };
		2831D6C421D8A28700D5A5F8 /* Assets.xcassets in Resources */ = {isa = PBXBuildFile; fileRef = 2831D6C321D8A28700D5A5F8 /* Assets.xcassets */; };
		2831D6C721D8A28700D5A5F8 /* LaunchScreen.storyboard in Resources */ = {isa = PBXBuildFile; fileRef = 2831D6C521D8A28700D5A5F8 /* LaunchScreen.storyboard */; };
		2831D6EA21D8A61500D5A5F8 /* IRANSansMobile_Bold.ttf in Resources */ = {isa = PBXBuildFile; fileRef = 2831D6DB21D8A61400D5A5F8 /* IRANSansMobile_Bold.ttf */; };
		2831D6EB21D8A61500D5A5F8 /* IRANSansMobile(FaNum)_Medium.ttf in Resources */ = {isa = PBXBuildFile; fileRef = 2831D6DC21D8A61400D5A5F8 /* IRANSansMobile(FaNum)_Medium.ttf */; };
		2831D6EC21D8A61500D5A5F8 /* IRANSansWeb(FaNum)_Bold.ttf in Resources */ = {isa = PBXBuildFile; fileRef = 2831D6DD21D8A61400D5A5F8 /* IRANSansWeb(FaNum)_Bold.ttf */; };
		2831D6ED21D8A61500D5A5F8 /* IRANSansMobile_Medium.ttf in Resources */ = {isa = PBXBuildFile; fileRef = 2831D6DE21D8A61400D5A5F8 /* IRANSansMobile_Medium.ttf */; };
		2831D6EE21D8A61500D5A5F8 /* IRANSansMobile_Light.ttf in Resources */ = {isa = PBXBuildFile; fileRef = 2831D6DF21D8A61400D5A5F8 /* IRANSansMobile_Light.ttf */; };
		2831D6EF21D8A61500D5A5F8 /* IRANSansMobile(FaNum)_UltraLight.ttf in Resources */ = {isa = PBXBuildFile; fileRef = 2831D6E021D8A61400D5A5F8 /* IRANSansMobile(FaNum)_UltraLight.ttf */; };
		2831D6F021D8A61500D5A5F8 /* IRANSansMobile_UltraLight.ttf in Resources */ = {isa = PBXBuildFile; fileRef = 2831D6E121D8A61400D5A5F8 /* IRANSansMobile_UltraLight.ttf */; };
		2831D6F121D8A61500D5A5F8 /* IRANSansMobile(FaNum)_Bold.ttf in Resources */ = {isa = PBXBuildFile; fileRef = 2831D6E221D8A61400D5A5F8 /* IRANSansMobile(FaNum)_Bold.ttf */; };
		2831D6F221D8A61500D5A5F8 /* IRANSansMobile(FaNum)_Light.ttf in Resources */ = {isa = PBXBuildFile; fileRef = 2831D6E321D8A61400D5A5F8 /* IRANSansMobile(FaNum)_Light.ttf */; };
		2831D6F321D8A61500D5A5F8 /* IRANSansMobile.ttf in Resources */ = {isa = PBXBuildFile; fileRef = 2831D6E421D8A61400D5A5F8 /* IRANSansMobile.ttf */; };
		2831D6F421D8A61500D5A5F8 /* IRANSansMobile(FaNum).ttf in Resources */ = {isa = PBXBuildFile; fileRef = 2831D6E521D8A61400D5A5F8 /* IRANSansMobile(FaNum).ttf */; };
		2831D6F521D8A61500D5A5F8 /* IRANSansWeb(FaNum)_Medium.ttf in Resources */ = {isa = PBXBuildFile; fileRef = 2831D6E621D8A61400D5A5F8 /* IRANSansWeb(FaNum)_Medium.ttf */; };
		2831D6F621D8A61500D5A5F8 /* IRANSansWeb(FaNum)_Light.ttf in Resources */ = {isa = PBXBuildFile; fileRef = 2831D6E721D8A61400D5A5F8 /* IRANSansWeb(FaNum)_Light.ttf */; };
		2831D6F721D8A61500D5A5F8 /* IRANSansWeb(FaNum)_UltraLight.ttf in Resources */ = {isa = PBXBuildFile; fileRef = 2831D6E821D8A61500D5A5F8 /* IRANSansWeb(FaNum)_UltraLight.ttf */; };
		2831D6F821D8A61500D5A5F8 /* IRANSansWeb(FaNum).ttf in Resources */ = {isa = PBXBuildFile; fileRef = 2831D6E921D8A61500D5A5F8 /* IRANSansWeb(FaNum).ttf */; };
		2831D70021D8A72500D5A5F8 /* Fonts.swift in Sources */ = {isa = PBXBuildFile; fileRef = 2831D6FF21D8A72500D5A5F8 /* Fonts.swift */; };
		2831D70221D8A73500D5A5F8 /* Colors.swift in Sources */ = {isa = PBXBuildFile; fileRef = 2831D70121D8A73500D5A5F8 /* Colors.swift */; };
		2831D70621D8A79300D5A5F8 /* APIUrls.swift in Sources */ = {isa = PBXBuildFile; fileRef = 2831D70521D8A79300D5A5F8 /* APIUrls.swift */; };
		2831D70821D8A7A800D5A5F8 /* APIs.swift in Sources */ = {isa = PBXBuildFile; fileRef = 2831D70721D8A7A800D5A5F8 /* APIs.swift */; };
		2831D70B21D8A80B00D5A5F8 /* Configuration.swift in Sources */ = {isa = PBXBuildFile; fileRef = 2831D70A21D8A80B00D5A5F8 /* Configuration.swift */; };
		2831D70D21D8A82600D5A5F8 /* Configuration.plist in Resources */ = {isa = PBXBuildFile; fileRef = 2831D70C21D8A82600D5A5F8 /* Configuration.plist */; };
		2831D71121D8AD4000D5A5F8 /* LoginGetMobileVC.swift in Sources */ = {isa = PBXBuildFile; fileRef = 2831D71021D8AD4000D5A5F8 /* LoginGetMobileVC.swift */; };
		2831D71321D8AD8400D5A5F8 /* LoginGetVerifyVC.swift in Sources */ = {isa = PBXBuildFile; fileRef = 2831D71221D8AD8400D5A5F8 /* LoginGetVerifyVC.swift */; };
		2831D71521D8ADA300D5A5F8 /* ForgetPassVC.swift in Sources */ = {isa = PBXBuildFile; fileRef = 2831D71421D8ADA300D5A5F8 /* ForgetPassVC.swift */; };
		2831D71721D8ADCA00D5A5F8 /* GetProfileVC.swift in Sources */ = {isa = PBXBuildFile; fileRef = 2831D71621D8ADCA00D5A5F8 /* GetProfileVC.swift */; };
		2831D71921D8AE1900D5A5F8 /* MainVC.swift in Sources */ = {isa = PBXBuildFile; fileRef = 2831D71821D8AE1900D5A5F8 /* MainVC.swift */; };
		2831D71B21D8AE3000D5A5F8 /* SplashVC.swift in Sources */ = {isa = PBXBuildFile; fileRef = 2831D71A21D8AE3000D5A5F8 /* SplashVC.swift */; };
		2831D71D21D8AE4A00D5A5F8 /* BaseVC.swift in Sources */ = {isa = PBXBuildFile; fileRef = 2831D71C21D8AE4A00D5A5F8 /* BaseVC.swift */; };
		2831D72621D8B3C400D5A5F8 /* BaseNavigationVC.swift in Sources */ = {isa = PBXBuildFile; fileRef = 2831D72521D8B3C400D5A5F8 /* BaseNavigationVC.swift */; };
		2831D72A21D8B44700D5A5F8 /* NVOverlayView.swift in Sources */ = {isa = PBXBuildFile; fileRef = 2831D72821D8B44700D5A5F8 /* NVOverlayView.swift */; };
		2831D72B21D8B44700D5A5F8 /* NVOverlayView.xib in Resources */ = {isa = PBXBuildFile; fileRef = 2831D72921D8B44700D5A5F8 /* NVOverlayView.xib */; };
		2831D72F21D8B4F500D5A5F8 /* CustomNibView.swift in Sources */ = {isa = PBXBuildFile; fileRef = 2831D72E21D8B4F500D5A5F8 /* CustomNibView.swift */; };
		2831D73221D8B54400D5A5F8 /* CustomTextField.swift in Sources */ = {isa = PBXBuildFile; fileRef = 2831D73021D8B54300D5A5F8 /* CustomTextField.swift */; };
		2831D73321D8B54400D5A5F8 /* CustomTextField.xib in Resources */ = {isa = PBXBuildFile; fileRef = 2831D73121D8B54400D5A5F8 /* CustomTextField.xib */; };
		2831D73621D8B55900D5A5F8 /* CustomButton.swift in Sources */ = {isa = PBXBuildFile; fileRef = 2831D73421D8B55900D5A5F8 /* CustomButton.swift */; };
		2831D73721D8B55900D5A5F8 /* CustomButton.xib in Resources */ = {isa = PBXBuildFile; fileRef = 2831D73521D8B55900D5A5F8 /* CustomButton.xib */; };
		2831D73A21D8B90600D5A5F8 /* PersianDate.swift in Sources */ = {isa = PBXBuildFile; fileRef = 2831D73921D8B90600D5A5F8 /* PersianDate.swift */; };
		2831D73C21D8B93600D5A5F8 /* Currency.swift in Sources */ = {isa = PBXBuildFile; fileRef = 2831D73B21D8B93600D5A5F8 /* Currency.swift */; };
		2831D73E21D8B9D800D5A5F8 /* HTML2String.swift in Sources */ = {isa = PBXBuildFile; fileRef = 2831D73D21D8B9D800D5A5F8 /* HTML2String.swift */; };
		2831D74121D8BAA100D5A5F8 /* MessageUtility.swift in Sources */ = {isa = PBXBuildFile; fileRef = 2831D74021D8BAA100D5A5F8 /* MessageUtility.swift */; };
		284C4AC921EC512100DAFDE1 /* NotificationUtility.swift in Sources */ = {isa = PBXBuildFile; fileRef = 284C4AC821EC512100DAFDE1 /* NotificationUtility.swift */; };
		284C4AD421EC627C00DAFDE1 /* App.swift in Sources */ = {isa = PBXBuildFile; fileRef = 284C4AD321EC627C00DAFDE1 /* App.swift */; };
		284C4AD621EC62E500DAFDE1 /* Configurations.swift in Sources */ = {isa = PBXBuildFile; fileRef = 284C4AD521EC62E500DAFDE1 /* Configurations.swift */; };
		284C4AD921EC664300DAFDE1 /* RegexUtility.swift in Sources */ = {isa = PBXBuildFile; fileRef = 284C4AD821EC664300DAFDE1 /* RegexUtility.swift */; };
		284C4ADC21EC6C5A00DAFDE1 /* ViewAndCreateFromNib.swift in Sources */ = {isa = PBXBuildFile; fileRef = 284C4ADB21EC6C5A00DAFDE1 /* ViewAndCreateFromNib.swift */; };
		284C4AE221EC6D1400DAFDE1 /* NVImageView.swift in Sources */ = {isa = PBXBuildFile; fileRef = 284C4AE121EC6D1400DAFDE1 /* NVImageView.swift */; };
		284C4AE421EC6D7000DAFDE1 /* TableViewUtility.swift in Sources */ = {isa = PBXBuildFile; fileRef = 284C4AE321EC6D7000DAFDE1 /* TableViewUtility.swift */; };
		284C4AE621EC713200DAFDE1 /* CommonUtility.swift in Sources */ = {isa = PBXBuildFile; fileRef = 284C4AE521EC713200DAFDE1 /* CommonUtility.swift */; };
		284C4AE921EC71D300DAFDE1 /* LocalizeUtility.swift in Sources */ = {isa = PBXBuildFile; fileRef = 284C4AE821EC71D300DAFDE1 /* LocalizeUtility.swift */; };
		284C4AEB21EC728200DAFDE1 /* LocaliztionKeys.swift in Sources */ = {isa = PBXBuildFile; fileRef = 284C4AEA21EC728200DAFDE1 /* LocaliztionKeys.swift */; };
		284C4AED21EC72CD00DAFDE1 /* en.lproj in Resources */ = {isa = PBXBuildFile; fileRef = 284C4AEC21EC72CD00DAFDE1 /* en.lproj */; };
		284C4AEF21EC746A00DAFDE1 /* AppUtility.swift in Sources */ = {isa = PBXBuildFile; fileRef = 284C4AEE21EC746A00DAFDE1 /* AppUtility.swift */; };
		284C4AF221EC98E600DAFDE1 /* CommonMappable.swift in Sources */ = {isa = PBXBuildFile; fileRef = 284C4AF121EC98E600DAFDE1 /* CommonMappable.swift */; };
		2878702822241CB80020CBCF /* Request.swift in Sources */ = {isa = PBXBuildFile; fileRef = 2878702722241CB80020CBCF /* Request.swift */; };
		2878702C22241CE10020CBCF /* RMBaseResponse.swift in Sources */ = {isa = PBXBuildFile; fileRef = 2878702A22241CE10020CBCF /* RMBaseResponse.swift */; };
		2878702E22241CF60020CBCF /* Commons.swift in Sources */ = {isa = PBXBuildFile; fileRef = 2878702D22241CF60020CBCF /* Commons.swift */; };
		288B2BA421F2FBFD001A086B /* Reachability.swift in Sources */ = {isa = PBXBuildFile; fileRef = 288B2BA321F2FBFD001A086B /* Reachability.swift */; };
		288B2BD021F35868001A086B /* CustomLabel.swift in Sources */ = {isa = PBXBuildFile; fileRef = 288B2BCF21F35868001A086B /* CustomLabel.swift */; };
		28B06F6022254071004E525D /* UITests.swift in Sources */ = {isa = PBXBuildFile; fileRef = 28B06F5F22254071004E525D /* UITests.swift */; };
		28B06F6E2225408D004E525D /* UnitTests.swift in Sources */ = {isa = PBXBuildFile; fileRef = 28B06F6D2225408D004E525D /* UnitTests.swift */; };
		4D172C32C0F1F808B61A8693 /* Pods_baseproject_UITests.framework in Frameworks */ = {isa = PBXBuildFile; fileRef = 09A62BBC1D4A4517E6900E60 /* Pods_baseproject_UITests.framework */; };
		95522EE02E933F52DBC9BD53 /* Pods_baseproject_UnitTests.framework in Frameworks */ = {isa = PBXBuildFile; fileRef = AE07C82EA90374F7536AD2ED /* Pods_baseproject_UnitTests.framework */; };
		DF4EA50BE44342C7FA8B9488 /* Pods_baseproject.framework in Frameworks */ = {isa = PBXBuildFile; fileRef = F9FA347AF95AA62E9B3245F9 /* Pods_baseproject.framework */; };
/* End PBXBuildFile section */

/* Begin PBXContainerItemProxy section */
		28B06F6222254071004E525D /* PBXContainerItemProxy */ = {
			isa = PBXContainerItemProxy;
			containerPortal = 2831D6B121D8A28500D5A5F8 /* Project object */;
			proxyType = 1;
			remoteGlobalIDString = 2831D6B821D8A28500D5A5F8;
			remoteInfo = baseproject;
		};
		28B06F702225408D004E525D /* PBXContainerItemProxy */ = {
			isa = PBXContainerItemProxy;
			containerPortal = 2831D6B121D8A28500D5A5F8 /* Project object */;
			proxyType = 1;
			remoteGlobalIDString = 2831D6B821D8A28500D5A5F8;
			remoteInfo = baseproject;
		};
/* End PBXContainerItemProxy section */

/* Begin PBXFileReference section */
		07BDB5075E0F686604955887 /* Pods-baseproject.release.xcconfig */ = {isa = PBXFileReference; includeInIndex = 1; lastKnownFileType = text.xcconfig; name = "Pods-baseproject.release.xcconfig"; path = "Target Support Files/Pods-baseproject/Pods-baseproject.release.xcconfig"; sourceTree = "<group>"; };
		09A62BBC1D4A4517E6900E60 /* Pods_baseproject_UITests.framework */ = {isa = PBXFileReference; explicitFileType = wrapper.framework; includeInIndex = 0; path = Pods_baseproject_UITests.framework; sourceTree = BUILT_PRODUCTS_DIR; };
		0E8AE97F3761D0DEACD95939 /* Pods-baseproject-UnitTests.release.xcconfig */ = {isa = PBXFileReference; includeInIndex = 1; lastKnownFileType = text.xcconfig; name = "Pods-baseproject-UnitTests.release.xcconfig"; path = "Target Support Files/Pods-baseproject-UnitTests/Pods-baseproject-UnitTests.release.xcconfig"; sourceTree = "<group>"; };
		123C015A5C9781B727D44CB1 /* Pods-baseproject-UnitTests.debug.xcconfig */ = {isa = PBXFileReference; includeInIndex = 1; lastKnownFileType = text.xcconfig; name = "Pods-baseproject-UnitTests.debug.xcconfig"; path = "Target Support Files/Pods-baseproject-UnitTests/Pods-baseproject-UnitTests.debug.xcconfig"; sourceTree = "<group>"; };
		1CD2EB1C300E90286C9A494A /* Pods-baseproject.debug.xcconfig */ = {isa = PBXFileReference; includeInIndex = 1; lastKnownFileType = text.xcconfig; name = "Pods-baseproject.debug.xcconfig"; path = "Target Support Files/Pods-baseproject/Pods-baseproject.debug.xcconfig"; sourceTree = "<group>"; };
		2831D6B921D8A28600D5A5F8 /* baseproject.app */ = {isa = PBXFileReference; explicitFileType = wrapper.application; includeInIndex = 0; path = baseproject.app; sourceTree = BUILT_PRODUCTS_DIR; };
		2831D6BC21D8A28600D5A5F8 /* AppDelegate.swift */ = {isa = PBXFileReference; lastKnownFileType = sourcecode.swift; path = AppDelegate.swift; sourceTree = "<group>"; };
		2831D6C121D8A28600D5A5F8 /* Base */ = {isa = PBXFileReference; lastKnownFileType = file.storyboard; name = Base; path = Base.lproj/Main.storyboard; sourceTree = "<group>"; };
		2831D6C321D8A28700D5A5F8 /* Assets.xcassets */ = {isa = PBXFileReference; lastKnownFileType = folder.assetcatalog; path = Assets.xcassets; sourceTree = "<group>"; };
		2831D6C621D8A28700D5A5F8 /* Base */ = {isa = PBXFileReference; lastKnownFileType = file.storyboard; name = Base; path = Base.lproj/LaunchScreen.storyboard; sourceTree = "<group>"; };
		2831D6C821D8A28700D5A5F8 /* Info.plist */ = {isa = PBXFileReference; lastKnownFileType = text.plist.xml; path = Info.plist; sourceTree = "<group>"; };
		2831D6DB21D8A61400D5A5F8 /* IRANSansMobile_Bold.ttf */ = {isa = PBXFileReference; lastKnownFileType = file; path = IRANSansMobile_Bold.ttf; sourceTree = "<group>"; };
		2831D6DC21D8A61400D5A5F8 /* IRANSansMobile(FaNum)_Medium.ttf */ = {isa = PBXFileReference; lastKnownFileType = file; path = "IRANSansMobile(FaNum)_Medium.ttf"; sourceTree = "<group>"; };
		2831D6DD21D8A61400D5A5F8 /* IRANSansWeb(FaNum)_Bold.ttf */ = {isa = PBXFileReference; lastKnownFileType = file; path = "IRANSansWeb(FaNum)_Bold.ttf"; sourceTree = "<group>"; };
		2831D6DE21D8A61400D5A5F8 /* IRANSansMobile_Medium.ttf */ = {isa = PBXFileReference; lastKnownFileType = file; path = IRANSansMobile_Medium.ttf; sourceTree = "<group>"; };
		2831D6DF21D8A61400D5A5F8 /* IRANSansMobile_Light.ttf */ = {isa = PBXFileReference; lastKnownFileType = file; path = IRANSansMobile_Light.ttf; sourceTree = "<group>"; };
		2831D6E021D8A61400D5A5F8 /* IRANSansMobile(FaNum)_UltraLight.ttf */ = {isa = PBXFileReference; lastKnownFileType = file; path = "IRANSansMobile(FaNum)_UltraLight.ttf"; sourceTree = "<group>"; };
		2831D6E121D8A61400D5A5F8 /* IRANSansMobile_UltraLight.ttf */ = {isa = PBXFileReference; lastKnownFileType = file; path = IRANSansMobile_UltraLight.ttf; sourceTree = "<group>"; };
		2831D6E221D8A61400D5A5F8 /* IRANSansMobile(FaNum)_Bold.ttf */ = {isa = PBXFileReference; lastKnownFileType = file; path = "IRANSansMobile(FaNum)_Bold.ttf"; sourceTree = "<group>"; };
		2831D6E321D8A61400D5A5F8 /* IRANSansMobile(FaNum)_Light.ttf */ = {isa = PBXFileReference; lastKnownFileType = file; path = "IRANSansMobile(FaNum)_Light.ttf"; sourceTree = "<group>"; };
		2831D6E421D8A61400D5A5F8 /* IRANSansMobile.ttf */ = {isa = PBXFileReference; lastKnownFileType = file; path = IRANSansMobile.ttf; sourceTree = "<group>"; };
		2831D6E521D8A61400D5A5F8 /* IRANSansMobile(FaNum).ttf */ = {isa = PBXFileReference; lastKnownFileType = file; path = "IRANSansMobile(FaNum).ttf"; sourceTree = "<group>"; };
		2831D6E621D8A61400D5A5F8 /* IRANSansWeb(FaNum)_Medium.ttf */ = {isa = PBXFileReference; lastKnownFileType = file; path = "IRANSansWeb(FaNum)_Medium.ttf"; sourceTree = "<group>"; };
		2831D6E721D8A61400D5A5F8 /* IRANSansWeb(FaNum)_Light.ttf */ = {isa = PBXFileReference; lastKnownFileType = file; path = "IRANSansWeb(FaNum)_Light.ttf"; sourceTree = "<group>"; };
		2831D6E821D8A61500D5A5F8 /* IRANSansWeb(FaNum)_UltraLight.ttf */ = {isa = PBXFileReference; lastKnownFileType = file; path = "IRANSansWeb(FaNum)_UltraLight.ttf"; sourceTree = "<group>"; };
		2831D6E921D8A61500D5A5F8 /* IRANSansWeb(FaNum).ttf */ = {isa = PBXFileReference; lastKnownFileType = file; path = "IRANSansWeb(FaNum).ttf"; sourceTree = "<group>"; };
		2831D6FF21D8A72500D5A5F8 /* Fonts.swift */ = {isa = PBXFileReference; lastKnownFileType = sourcecode.swift; path = Fonts.swift; sourceTree = "<group>"; };
		2831D70121D8A73500D5A5F8 /* Colors.swift */ = {isa = PBXFileReference; lastKnownFileType = sourcecode.swift; path = Colors.swift; sourceTree = "<group>"; };
		2831D70521D8A79300D5A5F8 /* APIUrls.swift */ = {isa = PBXFileReference; lastKnownFileType = sourcecode.swift; path = APIUrls.swift; sourceTree = "<group>"; };
		2831D70721D8A7A800D5A5F8 /* APIs.swift */ = {isa = PBXFileReference; lastKnownFileType = sourcecode.swift; path = APIs.swift; sourceTree = "<group>"; };
		2831D70A21D8A80B00D5A5F8 /* Configuration.swift */ = {isa = PBXFileReference; lastKnownFileType = sourcecode.swift; path = Configuration.swift; sourceTree = "<group>"; };
		2831D70C21D8A82600D5A5F8 /* Configuration.plist */ = {isa = PBXFileReference; lastKnownFileType = text.plist.xml; path = Configuration.plist; sourceTree = "<group>"; };
		2831D71021D8AD4000D5A5F8 /* LoginGetMobileVC.swift */ = {isa = PBXFileReference; lastKnownFileType = sourcecode.swift; path = LoginGetMobileVC.swift; sourceTree = "<group>"; };
		2831D71221D8AD8400D5A5F8 /* LoginGetVerifyVC.swift */ = {isa = PBXFileReference; lastKnownFileType = sourcecode.swift; path = LoginGetVerifyVC.swift; sourceTree = "<group>"; };
		2831D71421D8ADA300D5A5F8 /* ForgetPassVC.swift */ = {isa = PBXFileReference; lastKnownFileType = sourcecode.swift; path = ForgetPassVC.swift; sourceTree = "<group>"; };
		2831D71621D8ADCA00D5A5F8 /* GetProfileVC.swift */ = {isa = PBXFileReference; lastKnownFileType = sourcecode.swift; path = GetProfileVC.swift; sourceTree = "<group>"; };
		2831D71821D8AE1900D5A5F8 /* MainVC.swift */ = {isa = PBXFileReference; lastKnownFileType = sourcecode.swift; path = MainVC.swift; sourceTree = "<group>"; };
		2831D71A21D8AE3000D5A5F8 /* SplashVC.swift */ = {isa = PBXFileReference; lastKnownFileType = sourcecode.swift; path = SplashVC.swift; sourceTree = "<group>"; };
		2831D71C21D8AE4A00D5A5F8 /* BaseVC.swift */ = {isa = PBXFileReference; lastKnownFileType = sourcecode.swift; path = BaseVC.swift; sourceTree = "<group>"; };
		2831D72521D8B3C400D5A5F8 /* BaseNavigationVC.swift */ = {isa = PBXFileReference; lastKnownFileType = sourcecode.swift; path = BaseNavigationVC.swift; sourceTree = "<group>"; };
		2831D72821D8B44700D5A5F8 /* NVOverlayView.swift */ = {isa = PBXFileReference; lastKnownFileType = sourcecode.swift; path = NVOverlayView.swift; sourceTree = "<group>"; };
		2831D72921D8B44700D5A5F8 /* NVOverlayView.xib */ = {isa = PBXFileReference; lastKnownFileType = file.xib; path = NVOverlayView.xib; sourceTree = "<group>"; };
		2831D72E21D8B4F500D5A5F8 /* CustomNibView.swift */ = {isa = PBXFileReference; lastKnownFileType = sourcecode.swift; path = CustomNibView.swift; sourceTree = "<group>"; };
		2831D73021D8B54300D5A5F8 /* CustomTextField.swift */ = {isa = PBXFileReference; lastKnownFileType = sourcecode.swift; path = CustomTextField.swift; sourceTree = "<group>"; };
		2831D73121D8B54400D5A5F8 /* CustomTextField.xib */ = {isa = PBXFileReference; lastKnownFileType = file.xib; path = CustomTextField.xib; sourceTree = "<group>"; };
		2831D73421D8B55900D5A5F8 /* CustomButton.swift */ = {isa = PBXFileReference; lastKnownFileType = sourcecode.swift; path = CustomButton.swift; sourceTree = "<group>"; };
		2831D73521D8B55900D5A5F8 /* CustomButton.xib */ = {isa = PBXFileReference; lastKnownFileType = file.xib; path = CustomButton.xib; sourceTree = "<group>"; };
		2831D73921D8B90600D5A5F8 /* PersianDate.swift */ = {isa = PBXFileReference; lastKnownFileType = sourcecode.swift; path = PersianDate.swift; sourceTree = "<group>"; };
		2831D73B21D8B93600D5A5F8 /* Currency.swift */ = {isa = PBXFileReference; lastKnownFileType = sourcecode.swift; path = Currency.swift; sourceTree = "<group>"; };
		2831D73D21D8B9D800D5A5F8 /* HTML2String.swift */ = {isa = PBXFileReference; lastKnownFileType = sourcecode.swift; path = HTML2String.swift; sourceTree = "<group>"; };
		2831D74021D8BAA100D5A5F8 /* MessageUtility.swift */ = {isa = PBXFileReference; lastKnownFileType = sourcecode.swift; path = MessageUtility.swift; sourceTree = "<group>"; };
		283B2997222A9A1500530963 /* en copy */ = {isa = PBXFileReference; lastKnownFileType = text.plist.strings; name = "en copy"; path = Localizable.strings; sourceTree = "<group>"; };
		284C4AC821EC512100DAFDE1 /* NotificationUtility.swift */ = {isa = PBXFileReference; lastKnownFileType = sourcecode.swift; path = NotificationUtility.swift; sourceTree = "<group>"; };
		284C4AD321EC627C00DAFDE1 /* App.swift */ = {isa = PBXFileReference; lastKnownFileType = sourcecode.swift; path = App.swift; sourceTree = "<group>"; };
		284C4AD521EC62E500DAFDE1 /* Configurations.swift */ = {isa = PBXFileReference; lastKnownFileType = sourcecode.swift; path = Configurations.swift; sourceTree = "<group>"; };
		284C4AD821EC664300DAFDE1 /* RegexUtility.swift */ = {isa = PBXFileReference; lastKnownFileType = sourcecode.swift; path = RegexUtility.swift; sourceTree = "<group>"; };
		284C4ADB21EC6C5A00DAFDE1 /* ViewAndCreateFromNib.swift */ = {isa = PBXFileReference; lastKnownFileType = sourcecode.swift; path = ViewAndCreateFromNib.swift; sourceTree = "<group>"; };
		284C4AE121EC6D1400DAFDE1 /* NVImageView.swift */ = {isa = PBXFileReference; lastKnownFileType = sourcecode.swift; path = NVImageView.swift; sourceTree = "<group>"; };
		284C4AE321EC6D7000DAFDE1 /* TableViewUtility.swift */ = {isa = PBXFileReference; lastKnownFileType = sourcecode.swift; path = TableViewUtility.swift; sourceTree = "<group>"; };
		284C4AE521EC713200DAFDE1 /* CommonUtility.swift */ = {isa = PBXFileReference; lastKnownFileType = sourcecode.swift; path = CommonUtility.swift; sourceTree = "<group>"; };
		284C4AE821EC71D300DAFDE1 /* LocalizeUtility.swift */ = {isa = PBXFileReference; lastKnownFileType = sourcecode.swift; path = LocalizeUtility.swift; sourceTree = "<group>"; };
		284C4AEA21EC728200DAFDE1 /* LocaliztionKeys.swift */ = {isa = PBXFileReference; lastKnownFileType = sourcecode.swift; path = LocaliztionKeys.swift; sourceTree = "<group>"; };
		284C4AEC21EC72CD00DAFDE1 /* en.lproj */ = {isa = PBXFileReference; lastKnownFileType = folder; path = en.lproj; sourceTree = "<group>"; };
		284C4AEE21EC746A00DAFDE1 /* AppUtility.swift */ = {isa = PBXFileReference; lastKnownFileType = sourcecode.swift; path = AppUtility.swift; sourceTree = "<group>"; };
		284C4AF121EC98E600DAFDE1 /* CommonMappable.swift */ = {isa = PBXFileReference; lastKnownFileType = sourcecode.swift; path = CommonMappable.swift; sourceTree = "<group>"; };
		2878702722241CB80020CBCF /* Request.swift */ = {isa = PBXFileReference; lastKnownFileType = sourcecode.swift; path = Request.swift; sourceTree = "<group>"; };
		2878702A22241CE10020CBCF /* RMBaseResponse.swift */ = {isa = PBXFileReference; fileEncoding = 4; lastKnownFileType = sourcecode.swift; path = RMBaseResponse.swift; sourceTree = "<group>"; };
		2878702D22241CF60020CBCF /* Commons.swift */ = {isa = PBXFileReference; fileEncoding = 4; lastKnownFileType = sourcecode.swift; path = Commons.swift; sourceTree = "<group>"; };
		288B2BA321F2FBFD001A086B /* Reachability.swift */ = {isa = PBXFileReference; lastKnownFileType = sourcecode.swift; path = Reachability.swift; sourceTree = "<group>"; };
		288B2BCF21F35868001A086B /* CustomLabel.swift */ = {isa = PBXFileReference; lastKnownFileType = sourcecode.swift; path = CustomLabel.swift; sourceTree = "<group>"; };
		28B06F5D22254071004E525D /* UITests.xctest */ = {isa = PBXFileReference; explicitFileType = wrapper.cfbundle; includeInIndex = 0; path = UITests.xctest; sourceTree = BUILT_PRODUCTS_DIR; };
		28B06F5F22254071004E525D /* UITests.swift */ = {isa = PBXFileReference; lastKnownFileType = sourcecode.swift; path = UITests.swift; sourceTree = "<group>"; };
		28B06F6122254071004E525D /* Info.plist */ = {isa = PBXFileReference; lastKnownFileType = text.plist.xml; path = Info.plist; sourceTree = "<group>"; };
		28B06F6B2225408D004E525D /* UnitTests.xctest */ = {isa = PBXFileReference; explicitFileType = wrapper.cfbundle; includeInIndex = 0; path = UnitTests.xctest; sourceTree = BUILT_PRODUCTS_DIR; };
		28B06F6D2225408D004E525D /* UnitTests.swift */ = {isa = PBXFileReference; lastKnownFileType = sourcecode.swift; path = UnitTests.swift; sourceTree = "<group>"; };
		28B06F6F2225408D004E525D /* Info.plist */ = {isa = PBXFileReference; lastKnownFileType = text.plist.xml; path = Info.plist; sourceTree = "<group>"; };
		8AE0146D19CE499445CE6505 /* Pods-baseproject-UITests.release.xcconfig */ = {isa = PBXFileReference; includeInIndex = 1; lastKnownFileType = text.xcconfig; name = "Pods-baseproject-UITests.release.xcconfig"; path = "Target Support Files/Pods-baseproject-UITests/Pods-baseproject-UITests.release.xcconfig"; sourceTree = "<group>"; };
		AE07C82EA90374F7536AD2ED /* Pods_baseproject_UnitTests.framework */ = {isa = PBXFileReference; explicitFileType = wrapper.framework; includeInIndex = 0; path = Pods_baseproject_UnitTests.framework; sourceTree = BUILT_PRODUCTS_DIR; };
		AEB0280BD992A482DD913690 /* Pods-baseproject-UITests.debug.xcconfig */ = {isa = PBXFileReference; includeInIndex = 1; lastKnownFileType = text.xcconfig; name = "Pods-baseproject-UITests.debug.xcconfig"; path = "Target Support Files/Pods-baseproject-UITests/Pods-baseproject-UITests.debug.xcconfig"; sourceTree = "<group>"; };
		F9FA347AF95AA62E9B3245F9 /* Pods_baseproject.framework */ = {isa = PBXFileReference; explicitFileType = wrapper.framework; includeInIndex = 0; path = Pods_baseproject.framework; sourceTree = BUILT_PRODUCTS_DIR; };
/* End PBXFileReference section */

/* Begin PBXFrameworksBuildPhase section */
		2831D6B621D8A28500D5A5F8 /* Frameworks */ = {
			isa = PBXFrameworksBuildPhase;
			buildActionMask = 2147483647;
			files = (
				DF4EA50BE44342C7FA8B9488 /* Pods_baseproject.framework in Frameworks */,
			);
			runOnlyForDeploymentPostprocessing = 0;
		};
		28B06F5A22254071004E525D /* Frameworks */ = {
			isa = PBXFrameworksBuildPhase;
			buildActionMask = 2147483647;
			files = (
				4D172C32C0F1F808B61A8693 /* Pods_baseproject_UITests.framework in Frameworks */,
			);
			runOnlyForDeploymentPostprocessing = 0;
		};
		28B06F682225408D004E525D /* Frameworks */ = {
			isa = PBXFrameworksBuildPhase;
			buildActionMask = 2147483647;
			files = (
				95522EE02E933F52DBC9BD53 /* Pods_baseproject_UnitTests.framework in Frameworks */,
			);
			runOnlyForDeploymentPostprocessing = 0;
		};
/* End PBXFrameworksBuildPhase section */

/* Begin PBXGroup section */
		2831D6B021D8A28500D5A5F8 = {
			isa = PBXGroup;
			children = (
				2831D6BB21D8A28600D5A5F8 /* baseproject */,
				28B06F6C2225408D004E525D /* UnitTests */,
				28B06F5E22254071004E525D /* UITests */,
				2831D6BA21D8A28600D5A5F8 /* Products */,
				BA2FB1375C1E163212EBA401 /* Pods */,
				29A811BA9B73231167970758 /* Frameworks */,
			);
			sourceTree = "<group>";
		};
		2831D6BA21D8A28600D5A5F8 /* Products */ = {
			isa = PBXGroup;
			children = (
				2831D6B921D8A28600D5A5F8 /* baseproject.app */,
				28B06F5D22254071004E525D /* UITests.xctest */,
				28B06F6B2225408D004E525D /* UnitTests.xctest */,
			);
			name = Products;
			sourceTree = "<group>";
		};
		2831D6BB21D8A28600D5A5F8 /* baseproject */ = {
			isa = PBXGroup;
			children = (
				2831D6F921D8A6C000D5A5F8 /* App */,
				2831D6D221D8A3ED00D5A5F8 /* Model */,
				2831D6D121D8A3E200D5A5F8 /* View */,
				284C4AC621EC4F5000DAFDE1 /* Controller */,
				2831D6CE21D8A2C200D5A5F8 /* Support */,
			);
			path = baseproject;
			sourceTree = "<group>";
		};
		2831D6CE21D8A2C200D5A5F8 /* Support */ = {
			isa = PBXGroup;
			children = (
				2831D6BC21D8A28600D5A5F8 /* AppDelegate.swift */,
				2831D6C321D8A28700D5A5F8 /* Assets.xcassets */,
				2831D6C021D8A28600D5A5F8 /* Main.storyboard */,
				2831D6C521D8A28700D5A5F8 /* LaunchScreen.storyboard */,
				2831D6C821D8A28700D5A5F8 /* Info.plist */,
				2831D6CF21D8A3BF00D5A5F8 /* Font */,
			);
			path = Support;
			sourceTree = "<group>";
		};
		2831D6CF21D8A3BF00D5A5F8 /* Font */ = {
			isa = PBXGroup;
			children = (
				2831D6DB21D8A61400D5A5F8 /* IRANSansMobile_Bold.ttf */,
				2831D6DF21D8A61400D5A5F8 /* IRANSansMobile_Light.ttf */,
				2831D6DE21D8A61400D5A5F8 /* IRANSansMobile_Medium.ttf */,
				2831D6E121D8A61400D5A5F8 /* IRANSansMobile_UltraLight.ttf */,
				2831D6E421D8A61400D5A5F8 /* IRANSansMobile.ttf */,
				2831D6E221D8A61400D5A5F8 /* IRANSansMobile(FaNum)_Bold.ttf */,
				2831D6E321D8A61400D5A5F8 /* IRANSansMobile(FaNum)_Light.ttf */,
				2831D6DC21D8A61400D5A5F8 /* IRANSansMobile(FaNum)_Medium.ttf */,
				2831D6E021D8A61400D5A5F8 /* IRANSansMobile(FaNum)_UltraLight.ttf */,
				2831D6E521D8A61400D5A5F8 /* IRANSansMobile(FaNum).ttf */,
				2831D6DD21D8A61400D5A5F8 /* IRANSansWeb(FaNum)_Bold.ttf */,
				2831D6E721D8A61400D5A5F8 /* IRANSansWeb(FaNum)_Light.ttf */,
				2831D6E621D8A61400D5A5F8 /* IRANSansWeb(FaNum)_Medium.ttf */,
				2831D6E821D8A61500D5A5F8 /* IRANSansWeb(FaNum)_UltraLight.ttf */,
				2831D6E921D8A61500D5A5F8 /* IRANSansWeb(FaNum).ttf */,
			);
			path = Font;
			sourceTree = "<group>";
		};
		2831D6D121D8A3E200D5A5F8 /* View */ = {
			isa = PBXGroup;
			children = (
				2831D72321D8B36700D5A5F8 /* Common */,
				2831D6D821D8A44700D5A5F8 /* Splash */,
				2831D6DA21D8A45500D5A5F8 /* Register */,
				2831D6D921D8A44E00D5A5F8 /* Main */,
			);
			path = View;
			sourceTree = "<group>";
		};
		2831D6D221D8A3ED00D5A5F8 /* Model */ = {
			isa = PBXGroup;
			children = (
				284C4AF021EC98C100DAFDE1 /* Common */,
				2831D70421D8A76900D5A5F8 /* API */,
				2831D6D321D8A3F900D5A5F8 /* Data */,
			);
			path = Model;
			sourceTree = "<group>";
		};
		2831D6D321D8A3F900D5A5F8 /* Data */ = {
			isa = PBXGroup;
			children = (
				2831D71E21D8AF6800D5A5F8 /* Request */,
				2831D6D621D8A42C00D5A5F8 /* Common */,
				2878702F22241CFD0020CBCF /* Send */,
				284C4ACC21EC51F800DAFDE1 /* Response */,
			);
			path = Data;
			sourceTree = "<group>";
		};
		2831D6D621D8A42C00D5A5F8 /* Common */ = {
			isa = PBXGroup;
			children = (
				2878702A22241CE10020CBCF /* RMBaseResponse.swift */,
			);
			path = Common;
			sourceTree = "<group>";
		};
		2831D6D821D8A44700D5A5F8 /* Splash */ = {
			isa = PBXGroup;
			children = (
				2831D71A21D8AE3000D5A5F8 /* SplashVC.swift */,
			);
			path = Splash;
			sourceTree = "<group>";
		};
		2831D6D921D8A44E00D5A5F8 /* Main */ = {
			isa = PBXGroup;
			children = (
				2831D71821D8AE1900D5A5F8 /* MainVC.swift */,
			);
			path = Main;
			sourceTree = "<group>";
		};
		2831D6DA21D8A45500D5A5F8 /* Register */ = {
			isa = PBXGroup;
			children = (
				2831D71021D8AD4000D5A5F8 /* LoginGetMobileVC.swift */,
				2831D71221D8AD8400D5A5F8 /* LoginGetVerifyVC.swift */,
				2831D71421D8ADA300D5A5F8 /* ForgetPassVC.swift */,
				2831D71621D8ADCA00D5A5F8 /* GetProfileVC.swift */,
			);
			path = Register;
			sourceTree = "<group>";
		};
		2831D6F921D8A6C000D5A5F8 /* App */ = {
			isa = PBXGroup;
			children = (
				284C4AE721EC71BD00DAFDE1 /* Localize */,
				284C4AE021EC6CE900DAFDE1 /* ImageWithLoader */,
				284C4AC721EC505C00DAFDE1 /* Notificatin */,
				2831D6FD21D8A70000D5A5F8 /* Theme */,
				284C4ADA21EC6C1100DAFDE1 /* UI */,
				284C4AD321EC627C00DAFDE1 /* App.swift */,
				284C4AD521EC62E500DAFDE1 /* Configurations.swift */,
			);
			path = App;
			sourceTree = "<group>";
		};
		2831D6FC21D8A6F400D5A5F8 /* Setting */ = {
			isa = PBXGroup;
			children = (
				2831D70921D8A7C900D5A5F8 /* Configuration */,
				284C4AEE21EC746A00DAFDE1 /* AppUtility.swift */,
			);
			path = Setting;
			sourceTree = "<group>";
		};
		2831D6FD21D8A70000D5A5F8 /* Theme */ = {
			isa = PBXGroup;
			children = (
				2831D6FE21D8A70800D5A5F8 /* Font */,
				2831D70321D8A73C00D5A5F8 /* Colors */,
			);
			path = Theme;
			sourceTree = "<group>";
		};
		2831D6FE21D8A70800D5A5F8 /* Font */ = {
			isa = PBXGroup;
			children = (
				2831D6FF21D8A72500D5A5F8 /* Fonts.swift */,
			);
			path = Font;
			sourceTree = "<group>";
		};
		2831D70321D8A73C00D5A5F8 /* Colors */ = {
			isa = PBXGroup;
			children = (
				2831D70121D8A73500D5A5F8 /* Colors.swift */,
			);
			path = Colors;
			sourceTree = "<group>";
		};
		2831D70421D8A76900D5A5F8 /* API */ = {
			isa = PBXGroup;
			children = (
				2831D70521D8A79300D5A5F8 /* APIUrls.swift */,
				2831D70721D8A7A800D5A5F8 /* APIs.swift */,
			);
			path = API;
			sourceTree = "<group>";
		};
		2831D70921D8A7C900D5A5F8 /* Configuration */ = {
			isa = PBXGroup;
			children = (
				2831D70A21D8A80B00D5A5F8 /* Configuration.swift */,
				2831D70C21D8A82600D5A5F8 /* Configuration.plist */,
			);
			path = Configuration;
			sourceTree = "<group>";
		};
		2831D70E21D8A84600D5A5F8 /* Libraries */ = {
			isa = PBXGroup;
			children = (
				284C4AD721EC662F00DAFDE1 /* String */,
				2831D73F21D8BA7500D5A5F8 /* AlertMessage */,
			);
			path = Libraries;
			sourceTree = "<group>";
		};
		2831D71E21D8AF6800D5A5F8 /* Request */ = {
			isa = PBXGroup;
			children = (
				2878702722241CB80020CBCF /* Request.swift */,
			);
			path = Request;
			sourceTree = "<group>";
		};
		2831D72321D8B36700D5A5F8 /* Common */ = {
			isa = PBXGroup;
			children = (
				2831D72421D8B37900D5A5F8 /* CustomViews */,
				2831D72521D8B3C400D5A5F8 /* BaseNavigationVC.swift */,
				2831D71C21D8AE4A00D5A5F8 /* BaseVC.swift */,
			);
			path = Common;
			sourceTree = "<group>";
		};
		2831D72421D8B37900D5A5F8 /* CustomViews */ = {
			isa = PBXGroup;
			children = (
				288B2BCE21F35856001A086B /* Label */,
				2831D72D21D8B4B300D5A5F8 /* TextField */,
				2831D72C21D8B4A800D5A5F8 /* Button */,
				2831D72721D8B41000D5A5F8 /* LoaderView */,
				2831D72E21D8B4F500D5A5F8 /* CustomNibView.swift */,
			);
			path = CustomViews;
			sourceTree = "<group>";
		};
		2831D72721D8B41000D5A5F8 /* LoaderView */ = {
			isa = PBXGroup;
			children = (
				2831D72821D8B44700D5A5F8 /* NVOverlayView.swift */,
				2831D72921D8B44700D5A5F8 /* NVOverlayView.xib */,
			);
			path = LoaderView;
			sourceTree = "<group>";
		};
		2831D72C21D8B4A800D5A5F8 /* Button */ = {
			isa = PBXGroup;
			children = (
				2831D73421D8B55900D5A5F8 /* CustomButton.swift */,
				2831D73521D8B55900D5A5F8 /* CustomButton.xib */,
			);
			path = Button;
			sourceTree = "<group>";
		};
		2831D72D21D8B4B300D5A5F8 /* TextField */ = {
			isa = PBXGroup;
			children = (
				2831D73021D8B54300D5A5F8 /* CustomTextField.swift */,
				2831D73121D8B54400D5A5F8 /* CustomTextField.xib */,
			);
			path = TextField;
			sourceTree = "<group>";
		};
		2831D73821D8B8D900D5A5F8 /* Extensions */ = {
			isa = PBXGroup;
			children = (
				2831D73921D8B90600D5A5F8 /* PersianDate.swift */,
				2831D73B21D8B93600D5A5F8 /* Currency.swift */,
				2831D73D21D8B9D800D5A5F8 /* HTML2String.swift */,
			);
			path = Extensions;
			sourceTree = "<group>";
		};
		2831D73F21D8BA7500D5A5F8 /* AlertMessage */ = {
			isa = PBXGroup;
			children = (
				2831D74021D8BAA100D5A5F8 /* MessageUtility.swift */,
			);
			path = AlertMessage;
			sourceTree = "<group>";
		};
		283B2995222A9A1500530963 /* fa-IR.lproj */ = {
			isa = PBXGroup;
			children = (
				283B2996222A9A1500530963 /* Localizable.strings */,
			);
			path = "fa-IR.lproj";
			sourceTree = "<group>";
		};
		284C4AC621EC4F5000DAFDE1 /* Controller */ = {
			isa = PBXGroup;
			children = (
				288B2BA221F2FB7B001A086B /* Internet Check */,
				2831D6FC21D8A6F400D5A5F8 /* Setting */,
				2831D70E21D8A84600D5A5F8 /* Libraries */,
				2831D73821D8B8D900D5A5F8 /* Extensions */,
			);
			path = Controller;
			sourceTree = "<group>";
		};
		284C4AC721EC505C00DAFDE1 /* Notificatin */ = {
			isa = PBXGroup;
			children = (
				284C4AC821EC512100DAFDE1 /* NotificationUtility.swift */,
			);
			path = Notificatin;
			sourceTree = "<group>";
		};
		284C4ACC21EC51F800DAFDE1 /* Response */ = {
			isa = PBXGroup;
			children = (
				284C4AD021EC522900DAFDE1 /* Common */,
			);
			name = Response;
			path = Receive;
			sourceTree = "<group>";
		};
		284C4AD021EC522900DAFDE1 /* Common */ = {
			isa = PBXGroup;
			children = (
				2878702D22241CF60020CBCF /* Commons.swift */,
			);
			path = Common;
			sourceTree = "<group>";
		};
		284C4AD721EC662F00DAFDE1 /* String */ = {
			isa = PBXGroup;
			children = (
				284C4AD821EC664300DAFDE1 /* RegexUtility.swift */,
				284C4AE321EC6D7000DAFDE1 /* TableViewUtility.swift */,
				284C4AE521EC713200DAFDE1 /* CommonUtility.swift */,
			);
			path = String;
			sourceTree = "<group>";
		};
		284C4ADA21EC6C1100DAFDE1 /* UI */ = {
			isa = PBXGroup;
			children = (
				284C4ADB21EC6C5A00DAFDE1 /* ViewAndCreateFromNib.swift */,
			);
			path = UI;
			sourceTree = "<group>";
		};
		284C4AE021EC6CE900DAFDE1 /* ImageWithLoader */ = {
			isa = PBXGroup;
			children = (
				284C4AE121EC6D1400DAFDE1 /* NVImageView.swift */,
			);
			path = ImageWithLoader;
			sourceTree = "<group>";
		};
		284C4AE721EC71BD00DAFDE1 /* Localize */ = {
			isa = PBXGroup;
			children = (
				284C4AE821EC71D300DAFDE1 /* LocalizeUtility.swift */,
				284C4AEA21EC728200DAFDE1 /* LocaliztionKeys.swift */,
				283B2995222A9A1500530963 /* fa-IR.lproj */,
				284C4AEC21EC72CD00DAFDE1 /* en.lproj */,
			);
			path = Localize;
			sourceTree = "<group>";
		};
		284C4AF021EC98C100DAFDE1 /* Common */ = {
			isa = PBXGroup;
			children = (
				284C4AF121EC98E600DAFDE1 /* CommonMappable.swift */,
			);
			path = Common;
			sourceTree = "<group>";
		};
		2878702F22241CFD0020CBCF /* Send */ = {
			isa = PBXGroup;
			children = (
			);
			path = Send;
			sourceTree = "<group>";
		};
		288B2BA221F2FB7B001A086B /* Internet Check */ = {
			isa = PBXGroup;
			children = (
				288B2BA321F2FBFD001A086B /* Reachability.swift */,
			);
			path = "Internet Check";
			sourceTree = "<group>";
		};
		288B2BCE21F35856001A086B /* Label */ = {
			isa = PBXGroup;
			children = (
				288B2BCF21F35868001A086B /* CustomLabel.swift */,
			);
			path = Label;
			sourceTree = "<group>";
		};
		28B06F5E22254071004E525D /* UITests */ = {
			isa = PBXGroup;
			children = (
				28B06F5F22254071004E525D /* UITests.swift */,
				28B06F6122254071004E525D /* Info.plist */,
			);
			path = UITests;
			sourceTree = "<group>";
		};
		28B06F6C2225408D004E525D /* UnitTests */ = {
			isa = PBXGroup;
			children = (
				28B06F6D2225408D004E525D /* UnitTests.swift */,
				28B06F6F2225408D004E525D /* Info.plist */,
			);
			path = UnitTests;
			sourceTree = "<group>";
		};
		29A811BA9B73231167970758 /* Frameworks */ = {
			isa = PBXGroup;
			children = (
				F9FA347AF95AA62E9B3245F9 /* Pods_baseproject.framework */,
				09A62BBC1D4A4517E6900E60 /* Pods_baseproject_UITests.framework */,
				AE07C82EA90374F7536AD2ED /* Pods_baseproject_UnitTests.framework */,
			);
			name = Frameworks;
			sourceTree = "<group>";
		};
		BA2FB1375C1E163212EBA401 /* Pods */ = {
			isa = PBXGroup;
			children = (
				1CD2EB1C300E90286C9A494A /* Pods-baseproject.debug.xcconfig */,
				07BDB5075E0F686604955887 /* Pods-baseproject.release.xcconfig */,
				AEB0280BD992A482DD913690 /* Pods-baseproject-UITests.debug.xcconfig */,
				8AE0146D19CE499445CE6505 /* Pods-baseproject-UITests.release.xcconfig */,
				123C015A5C9781B727D44CB1 /* Pods-baseproject-UnitTests.debug.xcconfig */,
				0E8AE97F3761D0DEACD95939 /* Pods-baseproject-UnitTests.release.xcconfig */,
			);
			path = Pods;
			sourceTree = "<group>";
		};
/* End PBXGroup section */

/* Begin PBXNativeTarget section */
		2831D6B821D8A28500D5A5F8 /* baseproject */ = {
			isa = PBXNativeTarget;
			buildConfigurationList = 2831D6CB21D8A28700D5A5F8 /* Build configuration list for PBXNativeTarget "baseproject" */;
			buildPhases = (
				AB2428A11B4FFED3964D4FB9 /* [CP] Check Pods Manifest.lock */,
				2831D6B521D8A28500D5A5F8 /* Sources */,
				2831D6B621D8A28500D5A5F8 /* Frameworks */,
				2831D6B721D8A28500D5A5F8 /* Resources */,
				C62CEEEA109B6F37BA9C4207 /* [CP] Embed Pods Frameworks */,
			);
			buildRules = (
			);
			dependencies = (
			);
			name = baseproject;
			productName = baseproject;
			productReference = 2831D6B921D8A28600D5A5F8 /* baseproject.app */;
			productType = "com.apple.product-type.application";
		};
		28B06F5C22254071004E525D /* UITests */ = {
			isa = PBXNativeTarget;
			buildConfigurationList = 28B06F6422254071004E525D /* Build configuration list for PBXNativeTarget "UITests" */;
			buildPhases = (
				D934D50CAAD7811BEA0C6A38 /* [CP] Check Pods Manifest.lock */,
				28B06F5922254071004E525D /* Sources */,
				28B06F5A22254071004E525D /* Frameworks */,
				28B06F5B22254071004E525D /* Resources */,
				8BDC844B0B6A53A5D800160A /* [CP] Embed Pods Frameworks */,
			);
			buildRules = (
			);
			dependencies = (
				28B06F6322254071004E525D /* PBXTargetDependency */,
			);
			name = UITests;
			productName = UITests;
			productReference = 28B06F5D22254071004E525D /* UITests.xctest */;
			productType = "com.apple.product-type.bundle.ui-testing";
		};
		28B06F6A2225408D004E525D /* UnitTests */ = {
			isa = PBXNativeTarget;
			buildConfigurationList = 28B06F722225408D004E525D /* Build configuration list for PBXNativeTarget "UnitTests" */;
			buildPhases = (
				B974B0C5AFFBAC3622EEE577 /* [CP] Check Pods Manifest.lock */,
				28B06F672225408D004E525D /* Sources */,
				28B06F682225408D004E525D /* Frameworks */,
				28B06F692225408D004E525D /* Resources */,
				CC6EA46987D132FC07910C7D /* [CP] Embed Pods Frameworks */,
			);
			buildRules = (
			);
			dependencies = (
				28B06F712225408D004E525D /* PBXTargetDependency */,
			);
			name = UnitTests;
			productName = UnitTests;
			productReference = 28B06F6B2225408D004E525D /* UnitTests.xctest */;
			productType = "com.apple.product-type.bundle.unit-test";
		};
/* End PBXNativeTarget section */

/* Begin PBXProject section */
		2831D6B121D8A28500D5A5F8 /* Project object */ = {
			isa = PBXProject;
			attributes = {
				LastSwiftUpdateCheck = 1010;
				LastUpgradeCheck = 1010;
				ORGANIZATIONNAME = sehosseini;
				TargetAttributes = {
					2831D6B821D8A28500D5A5F8 = {
						CreatedOnToolsVersion = 10.1;
					};
					28B06F5C22254071004E525D = {
						CreatedOnToolsVersion = 10.1;
						TestTargetID = 2831D6B821D8A28500D5A5F8;
					};
					28B06F6A2225408D004E525D = {
						CreatedOnToolsVersion = 10.1;
						TestTargetID = 2831D6B821D8A28500D5A5F8;
					};
				};
			};
			buildConfigurationList = 2831D6B421D8A28500D5A5F8 /* Build configuration list for PBXProject "baseproject" */;
			compatibilityVersion = "Xcode 9.3";
			developmentRegion = en;
			hasScannedForEncodings = 0;
			knownRegions = (
				en,
				Base,
				"en copy",
			);
			mainGroup = 2831D6B021D8A28500D5A5F8;
			productRefGroup = 2831D6BA21D8A28600D5A5F8 /* Products */;
			projectDirPath = "";
			projectRoot = "";
			targets = (
				2831D6B821D8A28500D5A5F8 /* baseproject */,
				28B06F5C22254071004E525D /* UITests */,
				28B06F6A2225408D004E525D /* UnitTests */,
			);
		};
/* End PBXProject section */

/* Begin PBXResourcesBuildPhase section */
		2831D6B721D8A28500D5A5F8 /* Resources */ = {
			isa = PBXResourcesBuildPhase;
			buildActionMask = 2147483647;
			files = (
				2831D70D21D8A82600D5A5F8 /* Configuration.plist in Resources */,
				2831D6C721D8A28700D5A5F8 /* LaunchScreen.storyboard in Resources */,
				2831D6F721D8A61500D5A5F8 /* IRANSansWeb(FaNum)_UltraLight.ttf in Resources */,
				2831D6F221D8A61500D5A5F8 /* IRANSansMobile(FaNum)_Light.ttf in Resources */,
				2831D6EB21D8A61500D5A5F8 /* IRANSansMobile(FaNum)_Medium.ttf in Resources */,
				2831D6EE21D8A61500D5A5F8 /* IRANSansMobile_Light.ttf in Resources */,
				284C4AED21EC72CD00DAFDE1 /* en.lproj in Resources */,
				2831D6F621D8A61500D5A5F8 /* IRANSansWeb(FaNum)_Light.ttf in Resources */,
				2831D6F421D8A61500D5A5F8 /* IRANSansMobile(FaNum).ttf in Resources */,
				2831D6F821D8A61500D5A5F8 /* IRANSansWeb(FaNum).ttf in Resources */,
				2831D6C421D8A28700D5A5F8 /* Assets.xcassets in Resources */,
				2831D6ED21D8A61500D5A5F8 /* IRANSansMobile_Medium.ttf in Resources */,
				2831D73321D8B54400D5A5F8 /* CustomTextField.xib in Resources */,
				2831D73721D8B55900D5A5F8 /* CustomButton.xib in Resources */,
				2831D6F521D8A61500D5A5F8 /* IRANSansWeb(FaNum)_Medium.ttf in Resources */,
				2831D6F121D8A61500D5A5F8 /* IRANSansMobile(FaNum)_Bold.ttf in Resources */,
				2831D6EF21D8A61500D5A5F8 /* IRANSansMobile(FaNum)_UltraLight.ttf in Resources */,
				2831D6F321D8A61500D5A5F8 /* IRANSansMobile.ttf in Resources */,
				2831D72B21D8B44700D5A5F8 /* NVOverlayView.xib in Resources */,
				2831D6EA21D8A61500D5A5F8 /* IRANSansMobile_Bold.ttf in Resources */,
				2831D6EC21D8A61500D5A5F8 /* IRANSansWeb(FaNum)_Bold.ttf in Resources */,
				2831D6C221D8A28600D5A5F8 /* Main.storyboard in Resources */,
				2831D6F021D8A61500D5A5F8 /* IRANSansMobile_UltraLight.ttf in Resources */,
			);
			runOnlyForDeploymentPostprocessing = 0;
		};
		28B06F5B22254071004E525D /* Resources */ = {
			isa = PBXResourcesBuildPhase;
			buildActionMask = 2147483647;
			files = (
			);
			runOnlyForDeploymentPostprocessing = 0;
		};
		28B06F692225408D004E525D /* Resources */ = {
			isa = PBXResourcesBuildPhase;
			buildActionMask = 2147483647;
			files = (
			);
			runOnlyForDeploymentPostprocessing = 0;
		};
/* End PBXResourcesBuildPhase section */

/* Begin PBXShellScriptBuildPhase section */
		8BDC844B0B6A53A5D800160A /* [CP] Embed Pods Frameworks */ = {
			isa = PBXShellScriptBuildPhase;
			buildActionMask = 2147483647;
			files = (
			);
			inputFileListPaths = (
			);
			inputPaths = (
				"${PODS_ROOT}/Target Support Files/Pods-baseproject-UITests/Pods-baseproject-UITests-frameworks.sh",
				"${BUILT_PRODUCTS_DIR}/AKMaskField/AKMaskField.framework",
				"${BUILT_PRODUCTS_DIR}/APExtensions/APExtensions.framework",
				"${BUILT_PRODUCTS_DIR}/Alamofire/Alamofire.framework",
				"${BUILT_PRODUCTS_DIR}/AlamofireObjectMapper/AlamofireObjectMapper.framework",
				"${BUILT_PRODUCTS_DIR}/AlignedCollectionViewFlowLayout/AlignedCollectionViewFlowLayout.framework",
				"${BUILT_PRODUCTS_DIR}/AwesomeCache/AwesomeCache.framework",
				"${BUILT_PRODUCTS_DIR}/BulletinBoard/BLTNBoard.framework",
				"${BUILT_PRODUCTS_DIR}/Eureka/Eureka.framework",
				"${BUILT_PRODUCTS_DIR}/FontAwesome.swift/FontAwesome_swift.framework",
				"${BUILT_PRODUCTS_DIR}/GRMustache.swift/Mustache.framework",
				"${BUILT_PRODUCTS_DIR}/GoogleUtilities/GoogleUtilities.framework",
				"${BUILT_PRODUCTS_DIR}/INSPhotoGallery/INSPhotoGallery.framework",
				"${BUILT_PRODUCTS_DIR}/ImagePicker/ImagePicker.framework",
				"${BUILT_PRODUCTS_DIR}/KeyboardAvoidingView/KeyboardAvoidingView.framework",
				"${BUILT_PRODUCTS_DIR}/Kingfisher/Kingfisher.framework",
				"${BUILT_PRODUCTS_DIR}/Localize-Swift/Localize_Swift.framework",
				"${BUILT_PRODUCTS_DIR}/MBProgressHUD/MBProgressHUD.framework",
				"${BUILT_PRODUCTS_DIR}/MXParallaxHeader/MXParallaxHeader.framework",
				"${BUILT_PRODUCTS_DIR}/MarqueeLabel/MarqueeLabel.framework",
				"${BUILT_PRODUCTS_DIR}/Material/Material.framework",
				"${BUILT_PRODUCTS_DIR}/MiawKit/MiawKit.framework",
				"${BUILT_PRODUCTS_DIR}/Motion/Motion.framework",
				"${BUILT_PRODUCTS_DIR}/NVActivityIndicatorView/NVActivityIndicatorView.framework",
				"${BUILT_PRODUCTS_DIR}/NotificationBannerSwift/NotificationBannerSwift.framework",
				"${BUILT_PRODUCTS_DIR}/ObjectMapper/ObjectMapper.framework",
				"${BUILT_PRODUCTS_DIR}/PKHUD/PKHUD.framework",
				"${BUILT_PRODUCTS_DIR}/Presentr/Presentr.framework",
				"${BUILT_PRODUCTS_DIR}/PromiseKit/PromiseKit.framework",
				"${BUILT_PRODUCTS_DIR}/Protobuf/Protobuf.framework",
				"${BUILT_PRODUCTS_DIR}/SCLAlertView/SCLAlertView.framework",
				"${BUILT_PRODUCTS_DIR}/SideMenu/SideMenu.framework",
				"${BUILT_PRODUCTS_DIR}/SkeletonView/SkeletonView.framework",
				"${BUILT_PRODUCTS_DIR}/SnapKit/SnapKit.framework",
				"${BUILT_PRODUCTS_DIR}/SocketRocket/SocketRocket.framework",
				"${BUILT_PRODUCTS_DIR}/StompClientLib/StompClientLib.framework",
				"${BUILT_PRODUCTS_DIR}/SwiftLocation/SwiftLocation.framework",
				"${BUILT_PRODUCTS_DIR}/SwiftyJSON/SwiftyJSON.framework",
				"${BUILT_PRODUCTS_DIR}/SwiftyUserDefaults/SwiftyUserDefaults.framework",
				"${BUILT_PRODUCTS_DIR}/Toaster/Toaster.framework",
				"${BUILT_PRODUCTS_DIR}/iCarousel/iCarousel.framework",
				"${BUILT_PRODUCTS_DIR}/nanopb/nanopb.framework",
				"${BUILT_PRODUCTS_DIR}/Nimble/Nimble.framework",
				"${BUILT_PRODUCTS_DIR}/Quick/Quick.framework",
			);
			name = "[CP] Embed Pods Frameworks";
			outputFileListPaths = (
			);
			outputPaths = (
				"${TARGET_BUILD_DIR}/${FRAMEWORKS_FOLDER_PATH}/AKMaskField.framework",
				"${TARGET_BUILD_DIR}/${FRAMEWORKS_FOLDER_PATH}/APExtensions.framework",
				"${TARGET_BUILD_DIR}/${FRAMEWORKS_FOLDER_PATH}/Alamofire.framework",
				"${TARGET_BUILD_DIR}/${FRAMEWORKS_FOLDER_PATH}/AlamofireObjectMapper.framework",
				"${TARGET_BUILD_DIR}/${FRAMEWORKS_FOLDER_PATH}/AlignedCollectionViewFlowLayout.framework",
				"${TARGET_BUILD_DIR}/${FRAMEWORKS_FOLDER_PATH}/AwesomeCache.framework",
				"${TARGET_BUILD_DIR}/${FRAMEWORKS_FOLDER_PATH}/BLTNBoard.framework",
				"${TARGET_BUILD_DIR}/${FRAMEWORKS_FOLDER_PATH}/Eureka.framework",
				"${TARGET_BUILD_DIR}/${FRAMEWORKS_FOLDER_PATH}/FontAwesome_swift.framework",
				"${TARGET_BUILD_DIR}/${FRAMEWORKS_FOLDER_PATH}/Mustache.framework",
				"${TARGET_BUILD_DIR}/${FRAMEWORKS_FOLDER_PATH}/GoogleUtilities.framework",
				"${TARGET_BUILD_DIR}/${FRAMEWORKS_FOLDER_PATH}/INSPhotoGallery.framework",
				"${TARGET_BUILD_DIR}/${FRAMEWORKS_FOLDER_PATH}/ImagePicker.framework",
				"${TARGET_BUILD_DIR}/${FRAMEWORKS_FOLDER_PATH}/KeyboardAvoidingView.framework",
				"${TARGET_BUILD_DIR}/${FRAMEWORKS_FOLDER_PATH}/Kingfisher.framework",
				"${TARGET_BUILD_DIR}/${FRAMEWORKS_FOLDER_PATH}/Localize_Swift.framework",
				"${TARGET_BUILD_DIR}/${FRAMEWORKS_FOLDER_PATH}/MBProgressHUD.framework",
				"${TARGET_BUILD_DIR}/${FRAMEWORKS_FOLDER_PATH}/MXParallaxHeader.framework",
				"${TARGET_BUILD_DIR}/${FRAMEWORKS_FOLDER_PATH}/MarqueeLabel.framework",
				"${TARGET_BUILD_DIR}/${FRAMEWORKS_FOLDER_PATH}/Material.framework",
				"${TARGET_BUILD_DIR}/${FRAMEWORKS_FOLDER_PATH}/MiawKit.framework",
				"${TARGET_BUILD_DIR}/${FRAMEWORKS_FOLDER_PATH}/Motion.framework",
				"${TARGET_BUILD_DIR}/${FRAMEWORKS_FOLDER_PATH}/NVActivityIndicatorView.framework",
				"${TARGET_BUILD_DIR}/${FRAMEWORKS_FOLDER_PATH}/NotificationBannerSwift.framework",
				"${TARGET_BUILD_DIR}/${FRAMEWORKS_FOLDER_PATH}/ObjectMapper.framework",
				"${TARGET_BUILD_DIR}/${FRAMEWORKS_FOLDER_PATH}/PKHUD.framework",
				"${TARGET_BUILD_DIR}/${FRAMEWORKS_FOLDER_PATH}/Presentr.framework",
				"${TARGET_BUILD_DIR}/${FRAMEWORKS_FOLDER_PATH}/PromiseKit.framework",
				"${TARGET_BUILD_DIR}/${FRAMEWORKS_FOLDER_PATH}/Protobuf.framework",
				"${TARGET_BUILD_DIR}/${FRAMEWORKS_FOLDER_PATH}/SCLAlertView.framework",
				"${TARGET_BUILD_DIR}/${FRAMEWORKS_FOLDER_PATH}/SideMenu.framework",
				"${TARGET_BUILD_DIR}/${FRAMEWORKS_FOLDER_PATH}/SkeletonView.framework",
				"${TARGET_BUILD_DIR}/${FRAMEWORKS_FOLDER_PATH}/SnapKit.framework",
				"${TARGET_BUILD_DIR}/${FRAMEWORKS_FOLDER_PATH}/SocketRocket.framework",
				"${TARGET_BUILD_DIR}/${FRAMEWORKS_FOLDER_PATH}/StompClientLib.framework",
				"${TARGET_BUILD_DIR}/${FRAMEWORKS_FOLDER_PATH}/SwiftLocation.framework",
				"${TARGET_BUILD_DIR}/${FRAMEWORKS_FOLDER_PATH}/SwiftyJSON.framework",
				"${TARGET_BUILD_DIR}/${FRAMEWORKS_FOLDER_PATH}/SwiftyUserDefaults.framework",
				"${TARGET_BUILD_DIR}/${FRAMEWORKS_FOLDER_PATH}/Toaster.framework",
				"${TARGET_BUILD_DIR}/${FRAMEWORKS_FOLDER_PATH}/iCarousel.framework",
				"${TARGET_BUILD_DIR}/${FRAMEWORKS_FOLDER_PATH}/nanopb.framework",
				"${TARGET_BUILD_DIR}/${FRAMEWORKS_FOLDER_PATH}/Nimble.framework",
				"${TARGET_BUILD_DIR}/${FRAMEWORKS_FOLDER_PATH}/Quick.framework",
			);
			runOnlyForDeploymentPostprocessing = 0;
			shellPath = /bin/sh;
			shellScript = "\"${PODS_ROOT}/Target Support Files/Pods-baseproject-UITests/Pods-baseproject-UITests-frameworks.sh\"\n";
			showEnvVarsInLog = 0;
		};
		AB2428A11B4FFED3964D4FB9 /* [CP] Check Pods Manifest.lock */ = {
			isa = PBXShellScriptBuildPhase;
			buildActionMask = 2147483647;
			files = (
			);
			inputFileListPaths = (
			);
			inputPaths = (
				"${PODS_PODFILE_DIR_PATH}/Podfile.lock",
				"${PODS_ROOT}/Manifest.lock",
			);
			name = "[CP] Check Pods Manifest.lock";
			outputFileListPaths = (
			);
			outputPaths = (
				"$(DERIVED_FILE_DIR)/Pods-baseproject-checkManifestLockResult.txt",
			);
			runOnlyForDeploymentPostprocessing = 0;
			shellPath = /bin/sh;
			shellScript = "diff \"${PODS_PODFILE_DIR_PATH}/Podfile.lock\" \"${PODS_ROOT}/Manifest.lock\" > /dev/null\nif [ $? != 0 ] ; then\n    # print error to STDERR\n    echo \"error: The sandbox is not in sync with the Podfile.lock. Run 'pod install' or update your CocoaPods installation.\" >&2\n    exit 1\nfi\n# This output is used by Xcode 'outputs' to avoid re-running this script phase.\necho \"SUCCESS\" > \"${SCRIPT_OUTPUT_FILE_0}\"\n";
			showEnvVarsInLog = 0;
		};
		B974B0C5AFFBAC3622EEE577 /* [CP] Check Pods Manifest.lock */ = {
			isa = PBXShellScriptBuildPhase;
			buildActionMask = 2147483647;
			files = (
			);
			inputFileListPaths = (
			);
			inputPaths = (
				"${PODS_PODFILE_DIR_PATH}/Podfile.lock",
				"${PODS_ROOT}/Manifest.lock",
			);
			name = "[CP] Check Pods Manifest.lock";
			outputFileListPaths = (
			);
			outputPaths = (
				"$(DERIVED_FILE_DIR)/Pods-baseproject-UnitTests-checkManifestLockResult.txt",
			);
			runOnlyForDeploymentPostprocessing = 0;
			shellPath = /bin/sh;
			shellScript = "diff \"${PODS_PODFILE_DIR_PATH}/Podfile.lock\" \"${PODS_ROOT}/Manifest.lock\" > /dev/null\nif [ $? != 0 ] ; then\n    # print error to STDERR\n    echo \"error: The sandbox is not in sync with the Podfile.lock. Run 'pod install' or update your CocoaPods installation.\" >&2\n    exit 1\nfi\n# This output is used by Xcode 'outputs' to avoid re-running this script phase.\necho \"SUCCESS\" > \"${SCRIPT_OUTPUT_FILE_0}\"\n";
			showEnvVarsInLog = 0;
		};
		C62CEEEA109B6F37BA9C4207 /* [CP] Embed Pods Frameworks */ = {
			isa = PBXShellScriptBuildPhase;
			buildActionMask = 2147483647;
			files = (
			);
			inputFileListPaths = (
			);
			inputPaths = (
				"${PODS_ROOT}/Target Support Files/Pods-baseproject/Pods-baseproject-frameworks.sh",
				"${BUILT_PRODUCTS_DIR}/AKMaskField/AKMaskField.framework",
				"${BUILT_PRODUCTS_DIR}/APExtensions/APExtensions.framework",
				"${BUILT_PRODUCTS_DIR}/Alamofire/Alamofire.framework",
				"${BUILT_PRODUCTS_DIR}/AlamofireObjectMapper/AlamofireObjectMapper.framework",
				"${BUILT_PRODUCTS_DIR}/AlignedCollectionViewFlowLayout/AlignedCollectionViewFlowLayout.framework",
				"${BUILT_PRODUCTS_DIR}/AwesomeCache/AwesomeCache.framework",
				"${BUILT_PRODUCTS_DIR}/BulletinBoard/BLTNBoard.framework",
				"${BUILT_PRODUCTS_DIR}/Eureka/Eureka.framework",
				"${BUILT_PRODUCTS_DIR}/FontAwesome.swift/FontAwesome_swift.framework",
				"${BUILT_PRODUCTS_DIR}/GRMustache.swift/Mustache.framework",
				"${BUILT_PRODUCTS_DIR}/GoogleUtilities/GoogleUtilities.framework",
				"${BUILT_PRODUCTS_DIR}/INSPhotoGallery/INSPhotoGallery.framework",
				"${BUILT_PRODUCTS_DIR}/ImagePicker/ImagePicker.framework",
				"${BUILT_PRODUCTS_DIR}/KeyboardAvoidingView/KeyboardAvoidingView.framework",
				"${BUILT_PRODUCTS_DIR}/Kingfisher/Kingfisher.framework",
				"${BUILT_PRODUCTS_DIR}/Localize-Swift/Localize_Swift.framework",
				"${BUILT_PRODUCTS_DIR}/MBProgressHUD/MBProgressHUD.framework",
				"${BUILT_PRODUCTS_DIR}/MXParallaxHeader/MXParallaxHeader.framework",
				"${BUILT_PRODUCTS_DIR}/MarqueeLabel/MarqueeLabel.framework",
				"${BUILT_PRODUCTS_DIR}/Material/Material.framework",
				"${BUILT_PRODUCTS_DIR}/MiawKit/MiawKit.framework",
				"${BUILT_PRODUCTS_DIR}/Motion/Motion.framework",
				"${BUILT_PRODUCTS_DIR}/NVActivityIndicatorView/NVActivityIndicatorView.framework",
				"${BUILT_PRODUCTS_DIR}/NotificationBannerSwift/NotificationBannerSwift.framework",
				"${BUILT_PRODUCTS_DIR}/ObjectMapper/ObjectMapper.framework",
				"${BUILT_PRODUCTS_DIR}/PKHUD/PKHUD.framework",
				"${BUILT_PRODUCTS_DIR}/Presentr/Presentr.framework",
				"${BUILT_PRODUCTS_DIR}/PromiseKit/PromiseKit.framework",
				"${BUILT_PRODUCTS_DIR}/Protobuf/Protobuf.framework",
				"${BUILT_PRODUCTS_DIR}/SCLAlertView/SCLAlertView.framework",
				"${BUILT_PRODUCTS_DIR}/SideMenu/SideMenu.framework",
				"${BUILT_PRODUCTS_DIR}/SkeletonView/SkeletonView.framework",
				"${BUILT_PRODUCTS_DIR}/SnapKit/SnapKit.framework",
				"${BUILT_PRODUCTS_DIR}/SocketRocket/SocketRocket.framework",
				"${BUILT_PRODUCTS_DIR}/StompClientLib/StompClientLib.framework",
				"${BUILT_PRODUCTS_DIR}/SwiftLocation/SwiftLocation.framework",
				"${BUILT_PRODUCTS_DIR}/SwiftyJSON/SwiftyJSON.framework",
				"${BUILT_PRODUCTS_DIR}/SwiftyUserDefaults/SwiftyUserDefaults.framework",
				"${BUILT_PRODUCTS_DIR}/Toaster/Toaster.framework",
				"${BUILT_PRODUCTS_DIR}/iCarousel/iCarousel.framework",
				"${BUILT_PRODUCTS_DIR}/nanopb/nanopb.framework",
			);
			name = "[CP] Embed Pods Frameworks";
			outputFileListPaths = (
			);
			outputPaths = (
				"${TARGET_BUILD_DIR}/${FRAMEWORKS_FOLDER_PATH}/AKMaskField.framework",
				"${TARGET_BUILD_DIR}/${FRAMEWORKS_FOLDER_PATH}/APExtensions.framework",
				"${TARGET_BUILD_DIR}/${FRAMEWORKS_FOLDER_PATH}/Alamofire.framework",
				"${TARGET_BUILD_DIR}/${FRAMEWORKS_FOLDER_PATH}/AlamofireObjectMapper.framework",
				"${TARGET_BUILD_DIR}/${FRAMEWORKS_FOLDER_PATH}/AlignedCollectionViewFlowLayout.framework",
				"${TARGET_BUILD_DIR}/${FRAMEWORKS_FOLDER_PATH}/AwesomeCache.framework",
				"${TARGET_BUILD_DIR}/${FRAMEWORKS_FOLDER_PATH}/BLTNBoard.framework",
				"${TARGET_BUILD_DIR}/${FRAMEWORKS_FOLDER_PATH}/Eureka.framework",
				"${TARGET_BUILD_DIR}/${FRAMEWORKS_FOLDER_PATH}/FontAwesome_swift.framework",
				"${TARGET_BUILD_DIR}/${FRAMEWORKS_FOLDER_PATH}/Mustache.framework",
				"${TARGET_BUILD_DIR}/${FRAMEWORKS_FOLDER_PATH}/GoogleUtilities.framework",
				"${TARGET_BUILD_DIR}/${FRAMEWORKS_FOLDER_PATH}/INSPhotoGallery.framework",
				"${TARGET_BUILD_DIR}/${FRAMEWORKS_FOLDER_PATH}/ImagePicker.framework",
				"${TARGET_BUILD_DIR}/${FRAMEWORKS_FOLDER_PATH}/KeyboardAvoidingView.framework",
				"${TARGET_BUILD_DIR}/${FRAMEWORKS_FOLDER_PATH}/Kingfisher.framework",
				"${TARGET_BUILD_DIR}/${FRAMEWORKS_FOLDER_PATH}/Localize_Swift.framework",
				"${TARGET_BUILD_DIR}/${FRAMEWORKS_FOLDER_PATH}/MBProgressHUD.framework",
				"${TARGET_BUILD_DIR}/${FRAMEWORKS_FOLDER_PATH}/MXParallaxHeader.framework",
				"${TARGET_BUILD_DIR}/${FRAMEWORKS_FOLDER_PATH}/MarqueeLabel.framework",
				"${TARGET_BUILD_DIR}/${FRAMEWORKS_FOLDER_PATH}/Material.framework",
				"${TARGET_BUILD_DIR}/${FRAMEWORKS_FOLDER_PATH}/MiawKit.framework",
				"${TARGET_BUILD_DIR}/${FRAMEWORKS_FOLDER_PATH}/Motion.framework",
				"${TARGET_BUILD_DIR}/${FRAMEWORKS_FOLDER_PATH}/NVActivityIndicatorView.framework",
				"${TARGET_BUILD_DIR}/${FRAMEWORKS_FOLDER_PATH}/NotificationBannerSwift.framework",
				"${TARGET_BUILD_DIR}/${FRAMEWORKS_FOLDER_PATH}/ObjectMapper.framework",
				"${TARGET_BUILD_DIR}/${FRAMEWORKS_FOLDER_PATH}/PKHUD.framework",
				"${TARGET_BUILD_DIR}/${FRAMEWORKS_FOLDER_PATH}/Presentr.framework",
				"${TARGET_BUILD_DIR}/${FRAMEWORKS_FOLDER_PATH}/PromiseKit.framework",
				"${TARGET_BUILD_DIR}/${FRAMEWORKS_FOLDER_PATH}/Protobuf.framework",
				"${TARGET_BUILD_DIR}/${FRAMEWORKS_FOLDER_PATH}/SCLAlertView.framework",
				"${TARGET_BUILD_DIR}/${FRAMEWORKS_FOLDER_PATH}/SideMenu.framework",
				"${TARGET_BUILD_DIR}/${FRAMEWORKS_FOLDER_PATH}/SkeletonView.framework",
				"${TARGET_BUILD_DIR}/${FRAMEWORKS_FOLDER_PATH}/SnapKit.framework",
				"${TARGET_BUILD_DIR}/${FRAMEWORKS_FOLDER_PATH}/SocketRocket.framework",
				"${TARGET_BUILD_DIR}/${FRAMEWORKS_FOLDER_PATH}/StompClientLib.framework",
				"${TARGET_BUILD_DIR}/${FRAMEWORKS_FOLDER_PATH}/SwiftLocation.framework",
				"${TARGET_BUILD_DIR}/${FRAMEWORKS_FOLDER_PATH}/SwiftyJSON.framework",
				"${TARGET_BUILD_DIR}/${FRAMEWORKS_FOLDER_PATH}/SwiftyUserDefaults.framework",
				"${TARGET_BUILD_DIR}/${FRAMEWORKS_FOLDER_PATH}/Toaster.framework",
				"${TARGET_BUILD_DIR}/${FRAMEWORKS_FOLDER_PATH}/iCarousel.framework",
				"${TARGET_BUILD_DIR}/${FRAMEWORKS_FOLDER_PATH}/nanopb.framework",
			);
			runOnlyForDeploymentPostprocessing = 0;
			shellPath = /bin/sh;
			shellScript = "\"${PODS_ROOT}/Target Support Files/Pods-baseproject/Pods-baseproject-frameworks.sh\"\n";
			showEnvVarsInLog = 0;
		};
		CC6EA46987D132FC07910C7D /* [CP] Embed Pods Frameworks */ = {
			isa = PBXShellScriptBuildPhase;
			buildActionMask = 2147483647;
			files = (
			);
			inputFileListPaths = (
			);
			inputPaths = (
				"${PODS_ROOT}/Target Support Files/Pods-baseproject-UnitTests/Pods-baseproject-UnitTests-frameworks.sh",
				"${BUILT_PRODUCTS_DIR}/AKMaskField/AKMaskField.framework",
				"${BUILT_PRODUCTS_DIR}/APExtensions/APExtensions.framework",
				"${BUILT_PRODUCTS_DIR}/Alamofire/Alamofire.framework",
				"${BUILT_PRODUCTS_DIR}/AlamofireObjectMapper/AlamofireObjectMapper.framework",
				"${BUILT_PRODUCTS_DIR}/AlignedCollectionViewFlowLayout/AlignedCollectionViewFlowLayout.framework",
				"${BUILT_PRODUCTS_DIR}/AwesomeCache/AwesomeCache.framework",
				"${BUILT_PRODUCTS_DIR}/BulletinBoard/BLTNBoard.framework",
				"${BUILT_PRODUCTS_DIR}/Eureka/Eureka.framework",
				"${BUILT_PRODUCTS_DIR}/FontAwesome.swift/FontAwesome_swift.framework",
				"${BUILT_PRODUCTS_DIR}/GRMustache.swift/Mustache.framework",
				"${BUILT_PRODUCTS_DIR}/GoogleUtilities/GoogleUtilities.framework",
				"${BUILT_PRODUCTS_DIR}/INSPhotoGallery/INSPhotoGallery.framework",
				"${BUILT_PRODUCTS_DIR}/ImagePicker/ImagePicker.framework",
				"${BUILT_PRODUCTS_DIR}/KeyboardAvoidingView/KeyboardAvoidingView.framework",
				"${BUILT_PRODUCTS_DIR}/Kingfisher/Kingfisher.framework",
				"${BUILT_PRODUCTS_DIR}/Localize-Swift/Localize_Swift.framework",
				"${BUILT_PRODUCTS_DIR}/MBProgressHUD/MBProgressHUD.framework",
				"${BUILT_PRODUCTS_DIR}/MXParallaxHeader/MXParallaxHeader.framework",
				"${BUILT_PRODUCTS_DIR}/MarqueeLabel/MarqueeLabel.framework",
				"${BUILT_PRODUCTS_DIR}/Material/Material.framework",
				"${BUILT_PRODUCTS_DIR}/MiawKit/MiawKit.framework",
				"${BUILT_PRODUCTS_DIR}/Motion/Motion.framework",
				"${BUILT_PRODUCTS_DIR}/NVActivityIndicatorView/NVActivityIndicatorView.framework",
				"${BUILT_PRODUCTS_DIR}/NotificationBannerSwift/NotificationBannerSwift.framework",
				"${BUILT_PRODUCTS_DIR}/ObjectMapper/ObjectMapper.framework",
				"${BUILT_PRODUCTS_DIR}/PKHUD/PKHUD.framework",
				"${BUILT_PRODUCTS_DIR}/Presentr/Presentr.framework",
				"${BUILT_PRODUCTS_DIR}/PromiseKit/PromiseKit.framework",
				"${BUILT_PRODUCTS_DIR}/Protobuf/Protobuf.framework",
				"${BUILT_PRODUCTS_DIR}/SCLAlertView/SCLAlertView.framework",
				"${BUILT_PRODUCTS_DIR}/SideMenu/SideMenu.framework",
				"${BUILT_PRODUCTS_DIR}/SkeletonView/SkeletonView.framework",
				"${BUILT_PRODUCTS_DIR}/SnapKit/SnapKit.framework",
				"${BUILT_PRODUCTS_DIR}/SocketRocket/SocketRocket.framework",
				"${BUILT_PRODUCTS_DIR}/StompClientLib/StompClientLib.framework",
				"${BUILT_PRODUCTS_DIR}/SwiftLocation/SwiftLocation.framework",
				"${BUILT_PRODUCTS_DIR}/SwiftyJSON/SwiftyJSON.framework",
				"${BUILT_PRODUCTS_DIR}/SwiftyUserDefaults/SwiftyUserDefaults.framework",
				"${BUILT_PRODUCTS_DIR}/Toaster/Toaster.framework",
				"${BUILT_PRODUCTS_DIR}/iCarousel/iCarousel.framework",
				"${BUILT_PRODUCTS_DIR}/nanopb/nanopb.framework",
				"${BUILT_PRODUCTS_DIR}/Nimble/Nimble.framework",
				"${BUILT_PRODUCTS_DIR}/Quick/Quick.framework",
			);
			name = "[CP] Embed Pods Frameworks";
			outputFileListPaths = (
			);
			outputPaths = (
				"${TARGET_BUILD_DIR}/${FRAMEWORKS_FOLDER_PATH}/AKMaskField.framework",
				"${TARGET_BUILD_DIR}/${FRAMEWORKS_FOLDER_PATH}/APExtensions.framework",
				"${TARGET_BUILD_DIR}/${FRAMEWORKS_FOLDER_PATH}/Alamofire.framework",
				"${TARGET_BUILD_DIR}/${FRAMEWORKS_FOLDER_PATH}/AlamofireObjectMapper.framework",
				"${TARGET_BUILD_DIR}/${FRAMEWORKS_FOLDER_PATH}/AlignedCollectionViewFlowLayout.framework",
				"${TARGET_BUILD_DIR}/${FRAMEWORKS_FOLDER_PATH}/AwesomeCache.framework",
				"${TARGET_BUILD_DIR}/${FRAMEWORKS_FOLDER_PATH}/BLTNBoard.framework",
				"${TARGET_BUILD_DIR}/${FRAMEWORKS_FOLDER_PATH}/Eureka.framework",
				"${TARGET_BUILD_DIR}/${FRAMEWORKS_FOLDER_PATH}/FontAwesome_swift.framework",
				"${TARGET_BUILD_DIR}/${FRAMEWORKS_FOLDER_PATH}/Mustache.framework",
				"${TARGET_BUILD_DIR}/${FRAMEWORKS_FOLDER_PATH}/GoogleUtilities.framework",
				"${TARGET_BUILD_DIR}/${FRAMEWORKS_FOLDER_PATH}/INSPhotoGallery.framework",
				"${TARGET_BUILD_DIR}/${FRAMEWORKS_FOLDER_PATH}/ImagePicker.framework",
				"${TARGET_BUILD_DIR}/${FRAMEWORKS_FOLDER_PATH}/KeyboardAvoidingView.framework",
				"${TARGET_BUILD_DIR}/${FRAMEWORKS_FOLDER_PATH}/Kingfisher.framework",
				"${TARGET_BUILD_DIR}/${FRAMEWORKS_FOLDER_PATH}/Localize_Swift.framework",
				"${TARGET_BUILD_DIR}/${FRAMEWORKS_FOLDER_PATH}/MBProgressHUD.framework",
				"${TARGET_BUILD_DIR}/${FRAMEWORKS_FOLDER_PATH}/MXParallaxHeader.framework",
				"${TARGET_BUILD_DIR}/${FRAMEWORKS_FOLDER_PATH}/MarqueeLabel.framework",
				"${TARGET_BUILD_DIR}/${FRAMEWORKS_FOLDER_PATH}/Material.framework",
				"${TARGET_BUILD_DIR}/${FRAMEWORKS_FOLDER_PATH}/MiawKit.framework",
				"${TARGET_BUILD_DIR}/${FRAMEWORKS_FOLDER_PATH}/Motion.framework",
				"${TARGET_BUILD_DIR}/${FRAMEWORKS_FOLDER_PATH}/NVActivityIndicatorView.framework",
				"${TARGET_BUILD_DIR}/${FRAMEWORKS_FOLDER_PATH}/NotificationBannerSwift.framework",
				"${TARGET_BUILD_DIR}/${FRAMEWORKS_FOLDER_PATH}/ObjectMapper.framework",
				"${TARGET_BUILD_DIR}/${FRAMEWORKS_FOLDER_PATH}/PKHUD.framework",
				"${TARGET_BUILD_DIR}/${FRAMEWORKS_FOLDER_PATH}/Presentr.framework",
				"${TARGET_BUILD_DIR}/${FRAMEWORKS_FOLDER_PATH}/PromiseKit.framework",
				"${TARGET_BUILD_DIR}/${FRAMEWORKS_FOLDER_PATH}/Protobuf.framework",
				"${TARGET_BUILD_DIR}/${FRAMEWORKS_FOLDER_PATH}/SCLAlertView.framework",
				"${TARGET_BUILD_DIR}/${FRAMEWORKS_FOLDER_PATH}/SideMenu.framework",
				"${TARGET_BUILD_DIR}/${FRAMEWORKS_FOLDER_PATH}/SkeletonView.framework",
				"${TARGET_BUILD_DIR}/${FRAMEWORKS_FOLDER_PATH}/SnapKit.framework",
				"${TARGET_BUILD_DIR}/${FRAMEWORKS_FOLDER_PATH}/SocketRocket.framework",
				"${TARGET_BUILD_DIR}/${FRAMEWORKS_FOLDER_PATH}/StompClientLib.framework",
				"${TARGET_BUILD_DIR}/${FRAMEWORKS_FOLDER_PATH}/SwiftLocation.framework",
				"${TARGET_BUILD_DIR}/${FRAMEWORKS_FOLDER_PATH}/SwiftyJSON.framework",
				"${TARGET_BUILD_DIR}/${FRAMEWORKS_FOLDER_PATH}/SwiftyUserDefaults.framework",
				"${TARGET_BUILD_DIR}/${FRAMEWORKS_FOLDER_PATH}/Toaster.framework",
				"${TARGET_BUILD_DIR}/${FRAMEWORKS_FOLDER_PATH}/iCarousel.framework",
				"${TARGET_BUILD_DIR}/${FRAMEWORKS_FOLDER_PATH}/nanopb.framework",
				"${TARGET_BUILD_DIR}/${FRAMEWORKS_FOLDER_PATH}/Nimble.framework",
				"${TARGET_BUILD_DIR}/${FRAMEWORKS_FOLDER_PATH}/Quick.framework",
			);
			runOnlyForDeploymentPostprocessing = 0;
			shellPath = /bin/sh;
			shellScript = "\"${PODS_ROOT}/Target Support Files/Pods-baseproject-UnitTests/Pods-baseproject-UnitTests-frameworks.sh\"\n";
			showEnvVarsInLog = 0;
		};
		D934D50CAAD7811BEA0C6A38 /* [CP] Check Pods Manifest.lock */ = {
			isa = PBXShellScriptBuildPhase;
			buildActionMask = 2147483647;
			files = (
			);
			inputFileListPaths = (
			);
			inputPaths = (
				"${PODS_PODFILE_DIR_PATH}/Podfile.lock",
				"${PODS_ROOT}/Manifest.lock",
			);
			name = "[CP] Check Pods Manifest.lock";
			outputFileListPaths = (
			);
			outputPaths = (
				"$(DERIVED_FILE_DIR)/Pods-baseproject-UITests-checkManifestLockResult.txt",
			);
			runOnlyForDeploymentPostprocessing = 0;
			shellPath = /bin/sh;
			shellScript = "diff \"${PODS_PODFILE_DIR_PATH}/Podfile.lock\" \"${PODS_ROOT}/Manifest.lock\" > /dev/null\nif [ $? != 0 ] ; then\n    # print error to STDERR\n    echo \"error: The sandbox is not in sync with the Podfile.lock. Run 'pod install' or update your CocoaPods installation.\" >&2\n    exit 1\nfi\n# This output is used by Xcode 'outputs' to avoid re-running this script phase.\necho \"SUCCESS\" > \"${SCRIPT_OUTPUT_FILE_0}\"\n";
			showEnvVarsInLog = 0;
		};
/* End PBXShellScriptBuildPhase section */

/* Begin PBXSourcesBuildPhase section */
		2831D6B521D8A28500D5A5F8 /* Sources */ = {
			isa = PBXSourcesBuildPhase;
			buildActionMask = 2147483647;
			files = (
				284C4AD921EC664300DAFDE1 /* RegexUtility.swift in Sources */,
				2831D72F21D8B4F500D5A5F8 /* CustomNibView.swift in Sources */,
				2831D6BD21D8A28600D5A5F8 /* AppDelegate.swift in Sources */,
				284C4ADC21EC6C5A00DAFDE1 /* ViewAndCreateFromNib.swift in Sources */,
				284C4AD421EC627C00DAFDE1 /* App.swift in Sources */,
				284C4AEB21EC728200DAFDE1 /* LocaliztionKeys.swift in Sources */,
				284C4AE921EC71D300DAFDE1 /* LocalizeUtility.swift in Sources */,
				2831D71921D8AE1900D5A5F8 /* MainVC.swift in Sources */,
				2831D74121D8BAA100D5A5F8 /* MessageUtility.swift in Sources */,
				2831D70621D8A79300D5A5F8 /* APIUrls.swift in Sources */,
				2831D73A21D8B90600D5A5F8 /* PersianDate.swift in Sources */,
				2831D73221D8B54400D5A5F8 /* CustomTextField.swift in Sources */,
				2878702E22241CF60020CBCF /* Commons.swift in Sources */,
				288B2BD021F35868001A086B /* CustomLabel.swift in Sources */,
				2831D70B21D8A80B00D5A5F8 /* Configuration.swift in Sources */,
				2831D71121D8AD4000D5A5F8 /* LoginGetMobileVC.swift in Sources */,
				2831D71D21D8AE4A00D5A5F8 /* BaseVC.swift in Sources */,
				2831D70221D8A73500D5A5F8 /* Colors.swift in Sources */,
				2831D72621D8B3C400D5A5F8 /* BaseNavigationVC.swift in Sources */,
				2831D73621D8B55900D5A5F8 /* CustomButton.swift in Sources */,
				2831D73C21D8B93600D5A5F8 /* Currency.swift in Sources */,
				284C4AE221EC6D1400DAFDE1 /* NVImageView.swift in Sources */,
				2831D71721D8ADCA00D5A5F8 /* GetProfileVC.swift in Sources */,
				284C4AC921EC512100DAFDE1 /* NotificationUtility.swift in Sources */,
				2878702822241CB80020CBCF /* Request.swift in Sources */,
				2831D72A21D8B44700D5A5F8 /* NVOverlayView.swift in Sources */,
				2831D70021D8A72500D5A5F8 /* Fonts.swift in Sources */,
				2831D73E21D8B9D800D5A5F8 /* HTML2String.swift in Sources */,
				284C4AF221EC98E600DAFDE1 /* CommonMappable.swift in Sources */,
				2831D71B21D8AE3000D5A5F8 /* SplashVC.swift in Sources */,
				284C4AE621EC713200DAFDE1 /* CommonUtility.swift in Sources */,
				284C4AE421EC6D7000DAFDE1 /* TableViewUtility.swift in Sources */,
				2878702C22241CE10020CBCF /* RMBaseResponse.swift in Sources */,
				2831D71321D8AD8400D5A5F8 /* LoginGetVerifyVC.swift in Sources */,
				284C4AD621EC62E500DAFDE1 /* Configurations.swift in Sources */,
				2831D70821D8A7A800D5A5F8 /* APIs.swift in Sources */,
				284C4AEF21EC746A00DAFDE1 /* AppUtility.swift in Sources */,
				2831D71521D8ADA300D5A5F8 /* ForgetPassVC.swift in Sources */,
				288B2BA421F2FBFD001A086B /* Reachability.swift in Sources */,
			);
			runOnlyForDeploymentPostprocessing = 0;
		};
		28B06F5922254071004E525D /* Sources */ = {
			isa = PBXSourcesBuildPhase;
			buildActionMask = 2147483647;
			files = (
				28B06F6022254071004E525D /* UITests.swift in Sources */,
			);
			runOnlyForDeploymentPostprocessing = 0;
		};
		28B06F672225408D004E525D /* Sources */ = {
			isa = PBXSourcesBuildPhase;
			buildActionMask = 2147483647;
			files = (
				28B06F6E2225408D004E525D /* UnitTests.swift in Sources */,
			);
			runOnlyForDeploymentPostprocessing = 0;
		};
/* End PBXSourcesBuildPhase section */

/* Begin PBXTargetDependency section */
		28B06F6322254071004E525D /* PBXTargetDependency */ = {
			isa = PBXTargetDependency;
			target = 2831D6B821D8A28500D5A5F8 /* baseproject */;
			targetProxy = 28B06F6222254071004E525D /* PBXContainerItemProxy */;
		};
		28B06F712225408D004E525D /* PBXTargetDependency */ = {
			isa = PBXTargetDependency;
			target = 2831D6B821D8A28500D5A5F8 /* baseproject */;
			targetProxy = 28B06F702225408D004E525D /* PBXContainerItemProxy */;
		};
/* End PBXTargetDependency section */

/* Begin PBXVariantGroup section */
		2831D6C021D8A28600D5A5F8 /* Main.storyboard */ = {
			isa = PBXVariantGroup;
			children = (
				2831D6C121D8A28600D5A5F8 /* Base */,
			);
			name = Main.storyboard;
			sourceTree = "<group>";
		};
		2831D6C521D8A28700D5A5F8 /* LaunchScreen.storyboard */ = {
			isa = PBXVariantGroup;
			children = (
				2831D6C621D8A28700D5A5F8 /* Base */,
			);
			name = LaunchScreen.storyboard;
			sourceTree = "<group>";
		};
		283B2996222A9A1500530963 /* Localizable.strings */ = {
			isa = PBXVariantGroup;
			children = (
				283B2997222A9A1500530963 /* en copy */,
			);
			name = Localizable.strings;
			sourceTree = "<group>";
		};
/* End PBXVariantGroup section */

/* Begin XCBuildConfiguration section */
		2831D6C921D8A28700D5A5F8 /* Debug */ = {
			isa = XCBuildConfiguration;
			buildSettings = {
				ALWAYS_SEARCH_USER_PATHS = NO;
				CLANG_ANALYZER_LOCALIZABILITY_NONLOCALIZED = YES;
				CLANG_ANALYZER_NONNULL = YES;
				CLANG_ANALYZER_NUMBER_OBJECT_CONVERSION = YES_AGGRESSIVE;
				CLANG_CXX_LANGUAGE_STANDARD = "gnu++14";
				CLANG_CXX_LIBRARY = "libc++";
				CLANG_ENABLE_MODULES = YES;
				CLANG_ENABLE_OBJC_ARC = YES;
				CLANG_ENABLE_OBJC_WEAK = YES;
				CLANG_WARN_BLOCK_CAPTURE_AUTORELEASING = YES;
				CLANG_WARN_BOOL_CONVERSION = YES;
				CLANG_WARN_COMMA = YES;
				CLANG_WARN_CONSTANT_CONVERSION = YES;
				CLANG_WARN_DEPRECATED_OBJC_IMPLEMENTATIONS = YES;
				CLANG_WARN_DIRECT_OBJC_ISA_USAGE = YES_ERROR;
				CLANG_WARN_DOCUMENTATION_COMMENTS = YES;
				CLANG_WARN_EMPTY_BODY = YES;
				CLANG_WARN_ENUM_CONVERSION = YES;
				CLANG_WARN_INFINITE_RECURSION = YES;
				CLANG_WARN_INT_CONVERSION = YES;
				CLANG_WARN_NON_LITERAL_NULL_CONVERSION = YES;
				CLANG_WARN_OBJC_IMPLICIT_RETAIN_SELF = YES;
				CLANG_WARN_OBJC_LITERAL_CONVERSION = YES;
				CLANG_WARN_OBJC_ROOT_CLASS = YES_ERROR;
				CLANG_WARN_RANGE_LOOP_ANALYSIS = YES;
				CLANG_WARN_STRICT_PROTOTYPES = YES;
				CLANG_WARN_SUSPICIOUS_MOVE = YES;
				CLANG_WARN_UNGUARDED_AVAILABILITY = YES_AGGRESSIVE;
				CLANG_WARN_UNREACHABLE_CODE = YES;
				CLANG_WARN__DUPLICATE_METHOD_MATCH = YES;
				CODE_SIGN_IDENTITY = "iPhone Developer";
				COPY_PHASE_STRIP = NO;
				DEBUG_INFORMATION_FORMAT = dwarf;
				ENABLE_STRICT_OBJC_MSGSEND = YES;
				ENABLE_TESTABILITY = YES;
				GCC_C_LANGUAGE_STANDARD = gnu11;
				GCC_DYNAMIC_NO_PIC = NO;
				GCC_NO_COMMON_BLOCKS = YES;
				GCC_OPTIMIZATION_LEVEL = 0;
				GCC_PREPROCESSOR_DEFINITIONS = (
					"DEBUG=1",
					"$(inherited)",
				);
				GCC_WARN_64_TO_32_BIT_CONVERSION = YES;
				GCC_WARN_ABOUT_RETURN_TYPE = YES_ERROR;
				GCC_WARN_UNDECLARED_SELECTOR = YES;
				GCC_WARN_UNINITIALIZED_AUTOS = YES_AGGRESSIVE;
				GCC_WARN_UNUSED_FUNCTION = YES;
				GCC_WARN_UNUSED_VARIABLE = YES;
				IPHONEOS_DEPLOYMENT_TARGET = 12.1;
				MTL_ENABLE_DEBUG_INFO = INCLUDE_SOURCE;
				MTL_FAST_MATH = YES;
				ONLY_ACTIVE_ARCH = YES;
				SDKROOT = iphoneos;
				SWIFT_ACTIVE_COMPILATION_CONDITIONS = DEBUG;
				SWIFT_OPTIMIZATION_LEVEL = "-Onone";
			};
			name = Debug;
		};
		2831D6CA21D8A28700D5A5F8 /* Release */ = {
			isa = XCBuildConfiguration;
			buildSettings = {
				ALWAYS_SEARCH_USER_PATHS = NO;
				CLANG_ANALYZER_LOCALIZABILITY_NONLOCALIZED = YES;
				CLANG_ANALYZER_NONNULL = YES;
				CLANG_ANALYZER_NUMBER_OBJECT_CONVERSION = YES_AGGRESSIVE;
				CLANG_CXX_LANGUAGE_STANDARD = "gnu++14";
				CLANG_CXX_LIBRARY = "libc++";
				CLANG_ENABLE_MODULES = YES;
				CLANG_ENABLE_OBJC_ARC = YES;
				CLANG_ENABLE_OBJC_WEAK = YES;
				CLANG_WARN_BLOCK_CAPTURE_AUTORELEASING = YES;
				CLANG_WARN_BOOL_CONVERSION = YES;
				CLANG_WARN_COMMA = YES;
				CLANG_WARN_CONSTANT_CONVERSION = YES;
				CLANG_WARN_DEPRECATED_OBJC_IMPLEMENTATIONS = YES;
				CLANG_WARN_DIRECT_OBJC_ISA_USAGE = YES_ERROR;
				CLANG_WARN_DOCUMENTATION_COMMENTS = YES;
				CLANG_WARN_EMPTY_BODY = YES;
				CLANG_WARN_ENUM_CONVERSION = YES;
				CLANG_WARN_INFINITE_RECURSION = YES;
				CLANG_WARN_INT_CONVERSION = YES;
				CLANG_WARN_NON_LITERAL_NULL_CONVERSION = YES;
				CLANG_WARN_OBJC_IMPLICIT_RETAIN_SELF = YES;
				CLANG_WARN_OBJC_LITERAL_CONVERSION = YES;
				CLANG_WARN_OBJC_ROOT_CLASS = YES_ERROR;
				CLANG_WARN_RANGE_LOOP_ANALYSIS = YES;
				CLANG_WARN_STRICT_PROTOTYPES = YES;
				CLANG_WARN_SUSPICIOUS_MOVE = YES;
				CLANG_WARN_UNGUARDED_AVAILABILITY = YES_AGGRESSIVE;
				CLANG_WARN_UNREACHABLE_CODE = YES;
				CLANG_WARN__DUPLICATE_METHOD_MATCH = YES;
				CODE_SIGN_IDENTITY = "iPhone Developer";
				COPY_PHASE_STRIP = NO;
				DEBUG_INFORMATION_FORMAT = "dwarf-with-dsym";
				ENABLE_NS_ASSERTIONS = NO;
				ENABLE_STRICT_OBJC_MSGSEND = YES;
				GCC_C_LANGUAGE_STANDARD = gnu11;
				GCC_NO_COMMON_BLOCKS = YES;
				GCC_WARN_64_TO_32_BIT_CONVERSION = YES;
				GCC_WARN_ABOUT_RETURN_TYPE = YES_ERROR;
				GCC_WARN_UNDECLARED_SELECTOR = YES;
				GCC_WARN_UNINITIALIZED_AUTOS = YES_AGGRESSIVE;
				GCC_WARN_UNUSED_FUNCTION = YES;
				GCC_WARN_UNUSED_VARIABLE = YES;
				IPHONEOS_DEPLOYMENT_TARGET = 12.1;
				MTL_ENABLE_DEBUG_INFO = NO;
				MTL_FAST_MATH = YES;
				SDKROOT = iphoneos;
				SWIFT_COMPILATION_MODE = wholemodule;
				SWIFT_OPTIMIZATION_LEVEL = "-O";
				VALIDATE_PRODUCT = YES;
			};
			name = Release;
		};
		2831D6CC21D8A28700D5A5F8 /* Debug */ = {
			isa = XCBuildConfiguration;
			baseConfigurationReference = 1CD2EB1C300E90286C9A494A /* Pods-baseproject.debug.xcconfig */;
			buildSettings = {
				ASSETCATALOG_COMPILER_APPICON_NAME = AppIcon;
				CODE_SIGN_STYLE = Automatic;
				DEVELOPMENT_TEAM = WLF775PH42;
				ENABLE_BITCODE = NO;
				INFOPLIST_FILE = "$(SRCROOT)/baseproject/Support/Info.plist";
				IPHONEOS_DEPLOYMENT_TARGET = 10.0;
				LD_RUNPATH_SEARCH_PATHS = (
					"$(inherited)",
					"@executable_path/Frameworks",
				);
				OTHER_LDFLAGS = (
					"$(inherited)",
					"-ObjC",
					"-l\"c++\"",
					"-l\"icucore\"",
					"-l\"sqlite3\"",
					"-l\"z\"",
					"-framework",
					"\"AKMaskField\"",
					"-framework",
					"\"APExtensions\"",
					"-framework",
					"\"AVFoundation\"",
					"-framework",
					"\"Alamofire\"",
					"-framework",
					"\"AlamofireObjectMapper\"",
					"-framework",
					"\"AlignedCollectionViewFlowLayout\"",
					"-framework",
					"\"AwesomeCache\"",
					"-framework",
					"\"BLTNBoard\"",
					"-framework",
					"\"CFNetwork\"",
					"-framework",
					"\"CoreGraphics\"",
					"-framework",
					"\"CoreLocation\"",
					"-framework",
					"\"CoreText\"",
					"-framework",
					"\"Eureka\"",
					"-framework",
					"\"FIRAnalyticsConnector\"",
					"-framework",
					"\"FirebaseAnalytics\"",
					"-framework",
					"\"FirebaseCore\"",
					"-framework",
					"\"FirebaseCoreDiagnostics\"",
					"-framework",
					"\"FirebaseInstanceID\"",
					"-framework",
					"\"FirebaseMessaging\"",
					"-framework",
					"\"FontAwesome_swift\"",
					"-framework",
					"\"Foundation\"",
					"-framework",
					"\"GoogleAppMeasurement\"",
					"-framework",
					"\"GoogleUtilities\"",
					"-framework",
					"\"INSPhotoGallery\"",
					"-framework",
					"\"ImagePicker\"",
					"-framework",
					"\"KeyboardAvoidingView\"",
					"-framework",
					"\"Kingfisher\"",
					"-framework",
					"\"MBProgressHUD\"",
					"-framework",
					"\"MXParallaxHeader\"",
					"-framework",
					"\"MapKit\"",
					"-framework",
					"\"MarqueeLabel\"",
					"-framework",
					"\"Material\"",
					"-framework",
					"\"MessageUI\"",
					"-framework",
					"\"MiawKit\"",
					"-framework",
					"\"Motion\"",
					"-framework",
					"\"Mustache\"",
					"-framework",
					"\"NVActivityIndicatorView\"",
					"-framework",
					"\"NotificationBannerSwift\"",
					"-framework",
					"\"ObjectMapper\"",
					"-framework",
					"\"PKHUD\"",
					"-framework",
					"\"Presentr\"",
					"-framework",
					"\"PromiseKit\"",
					"-framework",
					"\"Protobuf\"",
					"-framework",
					"\"QuartzCore\"",
					"-framework",
					"\"SCLAlertView\"",
					"-framework",
					"\"Security\"",
					"-framework",
					"\"SideMenu\"",
					"-framework",
					"\"SkeletonView\"",
					"-framework",
					"\"SnapKit\"",
					"-framework",
					"\"SocketRocket\"",
					"-framework",
					"\"StompClientLib\"",
					"-framework",
					"\"StoreKit\"",
					"-framework",
					"\"SwiftLocation\"",
					"-framework",
					"\"SwiftyJSON\"",
					"-framework",
					"\"SwiftyUserDefaults\"",
					"-framework",
					"\"SystemConfiguration\"",
					"-framework",
					"\"Toaster\"",
					"-framework",
					"\"UIKit\"",
					"-framework",
					"\"iCarousel\"",
					"-framework",
					"\"nanopb\"",
				);
				PRODUCT_BUNDLE_IDENTIFIER = sehosseini.baseproject;
				PRODUCT_NAME = "$(TARGET_NAME)";
				SWIFT_REFLECTION_METADATA_LEVEL = all;
				SWIFT_VERSION = 4.2;
				TARGETED_DEVICE_FAMILY = "1,2";
			};
			name = Debug;
		};
		2831D6CD21D8A28700D5A5F8 /* Release */ = {
			isa = XCBuildConfiguration;
			baseConfigurationReference = 07BDB5075E0F686604955887 /* Pods-baseproject.release.xcconfig */;
			buildSettings = {
				ASSETCATALOG_COMPILER_APPICON_NAME = AppIcon;
				CODE_SIGN_STYLE = Automatic;
				DEVELOPMENT_TEAM = WLF775PH42;
				ENABLE_BITCODE = NO;
				INFOPLIST_FILE = "$(SRCROOT)/baseproject/Support/Info.plist";
				IPHONEOS_DEPLOYMENT_TARGET = 10.0;
				LD_RUNPATH_SEARCH_PATHS = (
					"$(inherited)",
					"@executable_path/Frameworks",
				);
				OTHER_LDFLAGS = (
					"$(inherited)",
					"-ObjC",
					"-l\"c++\"",
					"-l\"icucore\"",
					"-l\"sqlite3\"",
					"-l\"z\"",
					"-framework",
					"\"AKMaskField\"",
					"-framework",
					"\"APExtensions\"",
					"-framework",
					"\"AVFoundation\"",
					"-framework",
					"\"Alamofire\"",
					"-framework",
					"\"AlamofireObjectMapper\"",
					"-framework",
					"\"AlignedCollectionViewFlowLayout\"",
					"-framework",
					"\"AwesomeCache\"",
					"-framework",
					"\"BLTNBoard\"",
					"-framework",
					"\"CFNetwork\"",
					"-framework",
					"\"CoreGraphics\"",
					"-framework",
					"\"CoreLocation\"",
					"-framework",
					"\"CoreText\"",
					"-framework",
					"\"Eureka\"",
					"-framework",
					"\"FIRAnalyticsConnector\"",
					"-framework",
					"\"FirebaseAnalytics\"",
					"-framework",
					"\"FirebaseCore\"",
					"-framework",
					"\"FirebaseCoreDiagnostics\"",
					"-framework",
					"\"FirebaseInstanceID\"",
					"-framework",
					"\"FirebaseMessaging\"",
					"-framework",
					"\"FontAwesome_swift\"",
					"-framework",
					"\"Foundation\"",
					"-framework",
					"\"GoogleAppMeasurement\"",
					"-framework",
					"\"GoogleUtilities\"",
					"-framework",
					"\"INSPhotoGallery\"",
					"-framework",
					"\"ImagePicker\"",
					"-framework",
					"\"KeyboardAvoidingView\"",
					"-framework",
					"\"Kingfisher\"",
					"-framework",
					"\"MBProgressHUD\"",
					"-framework",
					"\"MXParallaxHeader\"",
					"-framework",
					"\"MapKit\"",
					"-framework",
					"\"MarqueeLabel\"",
					"-framework",
					"\"Material\"",
					"-framework",
					"\"MessageUI\"",
					"-framework",
					"\"MiawKit\"",
					"-framework",
					"\"Motion\"",
					"-framework",
					"\"Mustache\"",
					"-framework",
					"\"NVActivityIndicatorView\"",
					"-framework",
					"\"NotificationBannerSwift\"",
					"-framework",
					"\"ObjectMapper\"",
					"-framework",
					"\"PKHUD\"",
					"-framework",
					"\"Presentr\"",
					"-framework",
					"\"PromiseKit\"",
					"-framework",
					"\"Protobuf\"",
					"-framework",
					"\"QuartzCore\"",
					"-framework",
					"\"SCLAlertView\"",
					"-framework",
					"\"Security\"",
					"-framework",
					"\"SideMenu\"",
					"-framework",
					"\"SkeletonView\"",
					"-framework",
					"\"SnapKit\"",
					"-framework",
					"\"SocketRocket\"",
					"-framework",
					"\"StompClientLib\"",
					"-framework",
					"\"StoreKit\"",
					"-framework",
					"\"SwiftLocation\"",
					"-framework",
					"\"SwiftyJSON\"",
					"-framework",
					"\"SwiftyUserDefaults\"",
					"-framework",
					"\"SystemConfiguration\"",
					"-framework",
					"\"Toaster\"",
					"-framework",
					"\"UIKit\"",
					"-framework",
					"\"iCarousel\"",
					"-framework",
					"\"nanopb\"",
				);
				PRODUCT_BUNDLE_IDENTIFIER = sehosseini.baseproject;
				PRODUCT_NAME = "$(TARGET_NAME)";
				SWIFT_REFLECTION_METADATA_LEVEL = all;
				SWIFT_VERSION = 4.2;
				TARGETED_DEVICE_FAMILY = "1,2";
			};
			name = Release;
		};
		28B06F6522254071004E525D /* Debug */ = {
			isa = XCBuildConfiguration;
			baseConfigurationReference = AEB0280BD992A482DD913690 /* Pods-baseproject-UITests.debug.xcconfig */;
			buildSettings = {
				CODE_SIGN_STYLE = Automatic;
				DEVELOPMENT_TEAM = WLF775PH42;
				INFOPLIST_FILE = UITests/Info.plist;
				LD_RUNPATH_SEARCH_PATHS = (
					"$(inherited)",
					"@executable_path/Frameworks",
					"@loader_path/Frameworks",
				);
				PRODUCT_BUNDLE_IDENTIFIER = com.conduit.UITests;
				PRODUCT_NAME = "$(TARGET_NAME)";
				SWIFT_VERSION = 4.2;
				TARGETED_DEVICE_FAMILY = "1,2";
				TEST_TARGET_NAME = baseproject;
			};
			name = Debug;
		};
		28B06F6622254071004E525D /* Release */ = {
			isa = XCBuildConfiguration;
			baseConfigurationReference = 8AE0146D19CE499445CE6505 /* Pods-baseproject-UITests.release.xcconfig */;
			buildSettings = {
				CODE_SIGN_STYLE = Automatic;
				DEVELOPMENT_TEAM = WLF775PH42;
				INFOPLIST_FILE = UITests/Info.plist;
				LD_RUNPATH_SEARCH_PATHS = (
					"$(inherited)",
					"@executable_path/Frameworks",
					"@loader_path/Frameworks",
				);
				PRODUCT_BUNDLE_IDENTIFIER = com.conduit.UITests;
				PRODUCT_NAME = "$(TARGET_NAME)";
				SWIFT_VERSION = 4.2;
				TARGETED_DEVICE_FAMILY = "1,2";
				TEST_TARGET_NAME = baseproject;
			};
			name = Release;
		};
		28B06F732225408D004E525D /* Debug */ = {
			isa = XCBuildConfiguration;
			baseConfigurationReference = 123C015A5C9781B727D44CB1 /* Pods-baseproject-UnitTests.debug.xcconfig */;
			buildSettings = {
				BUNDLE_LOADER = "$(TEST_HOST)";
				CODE_SIGN_STYLE = Automatic;
				DEVELOPMENT_TEAM = WLF775PH42;
				INFOPLIST_FILE = UnitTests/Info.plist;
				LD_RUNPATH_SEARCH_PATHS = (
					"$(inherited)",
					"@executable_path/Frameworks",
					"@loader_path/Frameworks",
				);
				PRODUCT_BUNDLE_IDENTIFIER = com.conduit.UnitTests;
				PRODUCT_NAME = "$(TARGET_NAME)";
				SWIFT_VERSION = 4.2;
				TARGETED_DEVICE_FAMILY = "1,2";
				TEST_HOST = "$(BUILT_PRODUCTS_DIR)/baseproject.app/baseproject";
			};
			name = Debug;
		};
		28B06F742225408D004E525D /* Release */ = {
			isa = XCBuildConfiguration;
			baseConfigurationReference = 0E8AE97F3761D0DEACD95939 /* Pods-baseproject-UnitTests.release.xcconfig */;
			buildSettings = {
				BUNDLE_LOADER = "$(TEST_HOST)";
				CODE_SIGN_STYLE = Automatic;
				DEVELOPMENT_TEAM = WLF775PH42;
				INFOPLIST_FILE = UnitTests/Info.plist;
				LD_RUNPATH_SEARCH_PATHS = (
					"$(inherited)",
					"@executable_path/Frameworks",
					"@loader_path/Frameworks",
				);
				PRODUCT_BUNDLE_IDENTIFIER = com.conduit.UnitTests;
				PRODUCT_NAME = "$(TARGET_NAME)";
				SWIFT_VERSION = 4.2;
				TARGETED_DEVICE_FAMILY = "1,2";
				TEST_HOST = "$(BUILT_PRODUCTS_DIR)/baseproject.app/baseproject";
			};
			name = Release;
		};
/* End XCBuildConfiguration section */

/* Begin XCConfigurationList section */
		2831D6B421D8A28500D5A5F8 /* Build configuration list for PBXProject "baseproject" */ = {
			isa = XCConfigurationList;
			buildConfigurations = (
				2831D6C921D8A28700D5A5F8 /* Debug */,
				2831D6CA21D8A28700D5A5F8 /* Release */,
			);
			defaultConfigurationIsVisible = 0;
			defaultConfigurationName = Release;
		};
		2831D6CB21D8A28700D5A5F8 /* Build configuration list for PBXNativeTarget "baseproject" */ = {
			isa = XCConfigurationList;
			buildConfigurations = (
				2831D6CC21D8A28700D5A5F8 /* Debug */,
				2831D6CD21D8A28700D5A5F8 /* Release */,
			);
			defaultConfigurationIsVisible = 0;
			defaultConfigurationName = Release;
		};
		28B06F6422254071004E525D /* Build configuration list for PBXNativeTarget "UITests" */ = {
			isa = XCConfigurationList;
			buildConfigurations = (
				28B06F6522254071004E525D /* Debug */,
				28B06F6622254071004E525D /* Release */,
			);
			defaultConfigurationIsVisible = 0;
			defaultConfigurationName = Release;
		};
		28B06F722225408D004E525D /* Build configuration list for PBXNativeTarget "UnitTests" */ = {
			isa = XCConfigurationList;
			buildConfigurations = (
				28B06F732225408D004E525D /* Debug */,
				28B06F742225408D004E525D /* Release */,
			);
			defaultConfigurationIsVisible = 0;
			defaultConfigurationName = Release;
		};
/* End XCConfigurationList section */
	};
	rootObject = 2831D6B121D8A28500D5A5F8 /* Project object */;
}
